<?xml version="1.0" encoding="utf-8"?>
<Project ToolsVersion="4.0" xmlns="http://schemas.microsoft.com/developer/msbuild/2003">
  <ItemGroup>
    <Text Include="ReadMe.txt" />
  </ItemGroup>
  <ItemGroup>
    <Filter Include="3rd">
      <UniqueIdentifier>{32e53494-8773-4114-b46b-dfaa8febf310}</UniqueIdentifier>
    </Filter>
    <Filter Include="3rd\tinyxml2">
      <UniqueIdentifier>{7d3ec3d2-685d-436f-afb4-7919e12b3f2d}</UniqueIdentifier>
    </Filter>
    <Filter Include="animation">
      <UniqueIdentifier>{c7edcf46-d2da-4ee2-b16a-09fc1122b398}</UniqueIdentifier>
    </Filter>
    <Filter Include="core">
      <UniqueIdentifier>{5e124294-ec26-42ff-b81b-fe0750f4107b}</UniqueIdentifier>
    </Filter>
    <Filter Include="events">
      <UniqueIdentifier>{275fd296-fe49-4a4d-8595-164fc14ad575}</UniqueIdentifier>
    </Filter>
    <Filter Include="factories">
      <UniqueIdentifier>{86f5ccff-3dde-48c0-9802-713350d95794}</UniqueIdentifier>
    </Filter>
    <Filter Include="geoms">
      <UniqueIdentifier>{38473c9f-558a-4289-acbe-b7dd5054bfce}</UniqueIdentifier>
    </Filter>
    <Filter Include="textures">
      <UniqueIdentifier>{30d66014-1704-4bfb-b1c6-5160257828af}</UniqueIdentifier>
    </Filter>
    <Filter Include="renderer">
      <UniqueIdentifier>{ebc4aac5-41c9-4b6e-8035-9e3715ed619d}</UniqueIdentifier>
    </Filter>
    <Filter Include="parsers">
      <UniqueIdentifier>{d525f005-9726-4762-9f71-4b204f402d64}</UniqueIdentifier>
    </Filter>
    <Filter Include="objects">
      <UniqueIdentifier>{72e595c9-a83e-47ef-9969-1769146a3360}</UniqueIdentifier>
    </Filter>
  </ItemGroup>
  <ItemGroup>
    <ClCompile Include="..\..\3rd\tinyxml2\dbtinyxml2.cpp">
      <Filter>3rd\tinyxml2</Filter>
    </ClCompile>
    <ClCompile Include="..\..\animation\DBAnimation.cpp">
      <Filter>animation</Filter>
    </ClCompile>
    <ClCompile Include="..\..\animation\DBAnimationState.cpp">
      <Filter>animation</Filter>
    </ClCompile>
    <ClCompile Include="..\..\animation\DBFFDTimelineState.cpp">
      <Filter>animation</Filter>
    </ClCompile>
    <ClCompile Include="..\..\animation\DBSlotTimelineState.cpp">
      <Filter>animation</Filter>
    </ClCompile>
    <ClCompile Include="..\..\animation\DBTimelineState.cpp">
      <Filter>animation</Filter>
    </ClCompile>
    <ClCompile Include="..\..\core\DBBase.cpp">
      <Filter>core</Filter>
    </ClCompile>
    <ClCompile Include="..\..\events\DBEventData.cpp">
      <Filter>events</Filter>
    </ClCompile>
    <ClCompile Include="..\..\factories\BaseFactory.cpp">
      <Filter>factories</Filter>
    </ClCompile>
    <ClCompile Include="..\..\objects\FFDFrame.cpp">
      <Filter>objects</Filter>
    </ClCompile>
    <ClCompile Include="..\..\objects\FFDTimeline.cpp">
      <Filter>objects</Filter>
    </ClCompile>
    <ClCompile Include="..\..\objects\IKData.cpp">
      <Filter>objects</Filter>
    </ClCompile>
    <ClCompile Include="..\..\objects\MeshData.cpp">
      <Filter>objects</Filter>
    </ClCompile>
    <ClCompile Include="..\..\parsers\BaseDataParser.cpp">
      <Filter>parsers</Filter>
    </ClCompile>
    <ClCompile Include="..\..\parsers\BinaryParser.cpp">
      <Filter>parsers</Filter>
    </ClCompile>
    <ClCompile Include="..\..\parsers\ConstValues.cpp">
      <Filter>parsers</Filter>
    </ClCompile>
    <ClCompile Include="..\..\parsers\JSONDataParser.cpp">
      <Filter>parsers</Filter>
    </ClCompile>
    <ClCompile Include="..\..\parsers\XMLDataParser.cpp">
      <Filter>parsers</Filter>
    </ClCompile>
    <ClCompile Include="..\..\renderer\DBArmature.cpp">
      <Filter>renderer</Filter>
    </ClCompile>
    <ClCompile Include="..\..\renderer\DBBone.cpp">
      <Filter>renderer</Filter>
    </ClCompile>
    <ClCompile Include="..\..\renderer\DBCCFactory.cpp">
      <Filter>renderer</Filter>
    </ClCompile>
    <ClCompile Include="..\..\renderer\DBCCLuaUtils.cpp">
      <Filter>renderer</Filter>
    </ClCompile>
    <ClCompile Include="..\..\renderer\DBCCUtils.cpp">
      <Filter>renderer</Filter>
    </ClCompile>
    <ClCompile Include="..\..\renderer\DBIKConstraint.cpp">
      <Filter>renderer</Filter>
    </ClCompile>
    <ClCompile Include="..\..\renderer\DBSkin.cpp">
      <Filter>renderer</Filter>
    </ClCompile>
    <ClCompile Include="..\..\renderer\DBSlot.cpp">
      <Filter>renderer</Filter>
    </ClCompile>
  </ItemGroup>
  <ItemGroup>
    <ClInclude Include="..\..\3rd\tinyxml2\dbtinyxml2.h">
      <Filter>3rd\tinyxml2</Filter>
    </ClInclude>
    <ClInclude Include="..\..\animation\DBAnimation.h">
      <Filter>animation</Filter>
    </ClInclude>
    <ClInclude Include="..\..\animation\DBAnimationState.h">
      <Filter>animation</Filter>
    </ClInclude>
    <ClInclude Include="..\..\animation\DBFFDTimelineState.h">
      <Filter>animation</Filter>
    </ClInclude>
    <ClInclude Include="..\..\animation\DBSlotTimelineState.h">
      <Filter>animation</Filter>
    </ClInclude>
    <ClInclude Include="..\..\animation\DBTimelineState.h">
      <Filter>animation</Filter>
    </ClInclude>
    <ClInclude Include="..\..\core\DBBase.h">
      <Filter>core</Filter>
    </ClInclude>
    <ClInclude Include="..\..\events\DBEventData.h">
      <Filter>events</Filter>
    </ClInclude>
    <ClInclude Include="..\..\factories\BaseFactory.h">
      <Filter>factories</Filter>
    </ClInclude>
    <ClInclude Include="..\..\geoms\ColorTransform.h">
      <Filter>geoms</Filter>
    </ClInclude>
    <ClInclude Include="..\..\geoms\Matrix.h">
      <Filter>geoms</Filter>
    </ClInclude>
    <ClInclude Include="..\..\geoms\Point.h">
      <Filter>geoms</Filter>
    </ClInclude>
    <ClInclude Include="..\..\geoms\Rectangle.h">
      <Filter>geoms</Filter>
    </ClInclude>
    <ClInclude Include="..\..\geoms\Transform.h">
      <Filter>geoms</Filter>
    </ClInclude>
    <ClInclude Include="..\..\objects\AnimationData.h">
      <Filter>objects</Filter>
    </ClInclude>
    <ClInclude Include="..\..\objects\ArmatureData.h">
      <Filter>objects</Filter>
    </ClInclude>
    <ClInclude Include="..\..\objects\BoneData.h">
      <Filter>objects</Filter>
    </ClInclude>
    <ClInclude Include="..\..\objects\CurveData.h">
      <Filter>objects</Filter>
    </ClInclude>
    <ClInclude Include="..\..\objects\DisplayData.h">
      <Filter>objects</Filter>
    </ClInclude>
    <ClInclude Include="..\..\objects\DragonBonesData.h">
      <Filter>objects</Filter>
    </ClInclude>
    <ClInclude Include="..\..\objects\FFDFrame.h">
      <Filter>objects</Filter>
    </ClInclude>
    <ClInclude Include="..\..\objects\FFDTimeline.h">
      <Filter>objects</Filter>
    </ClInclude>
    <ClInclude Include="..\..\objects\Frame.h">
      <Filter>objects</Filter>
    </ClInclude>
    <ClInclude Include="..\..\objects\IKData.h">
      <Filter>objects</Filter>
    </ClInclude>
    <ClInclude Include="..\..\objects\MeshData.h">
      <Filter>objects</Filter>
    </ClInclude>
    <ClInclude Include="..\..\objects\SkinData.h">
      <Filter>objects</Filter>
    </ClInclude>
    <ClInclude Include="..\..\objects\SlotData.h">
      <Filter>objects</Filter>
    </ClInclude>
    <ClInclude Include="..\..\objects\SlotFrame.h">
      <Filter>objects</Filter>
    </ClInclude>
    <ClInclude Include="..\..\objects\SlotTimeline.h">
      <Filter>objects</Filter>
    </ClInclude>
    <ClInclude Include="..\..\objects\Timeline.h">
      <Filter>objects</Filter>
    </ClInclude>
    <ClInclude Include="..\..\objects\TransformFrame.h">
      <Filter>objects</Filter>
    </ClInclude>
    <ClInclude Include="..\..\objects\TransformTimeline.h">
      <Filter>objects</Filter>
    </ClInclude>
    <ClInclude Include="..\..\parsers\BaseDataParser.h">
      <Filter>parsers</Filter>
    </ClInclude>
    <ClInclude Include="..\..\parsers\BinaryParser.h">
      <Filter>parsers</Filter>
    </ClInclude>
    <ClInclude Include="..\..\parsers\ConstValues.h">
      <Filter>parsers</Filter>
    </ClInclude>
    <ClInclude Include="..\..\parsers\JSONDataParser.h">
      <Filter>parsers</Filter>
    </ClInclude>
    <ClInclude Include="..\..\parsers\XMLDataParser.h">
      <Filter>parsers</Filter>
    </ClInclude>
    <ClInclude Include="..\..\renderer\DBArmature.h">
      <Filter>renderer</Filter>
    </ClInclude>
    <ClInclude Include="..\..\renderer\DBBone.h">
      <Filter>renderer</Filter>
    </ClInclude>
    <ClInclude Include="..\..\renderer\DBCCFactory.h">
      <Filter>renderer</Filter>
    </ClInclude>
    <ClInclude Include="..\..\renderer\DBCCLuaUtils.h">
      <Filter>renderer</Filter>
    </ClInclude>
    <ClInclude Include="..\..\renderer\dbccMacro.h">
      <Filter>renderer</Filter>
    </ClInclude>
    <ClInclude Include="..\..\renderer\DBCCRenderHeaders.h">
      <Filter>renderer</Filter>
    </ClInclude>
    <ClInclude Include="..\..\renderer\DBCCTextureAtlas.h">
      <Filter>renderer</Filter>
    </ClInclude>
    <ClInclude Include="..\..\renderer\DBCCUtils.h">
      <Filter>renderer</Filter>
    </ClInclude>
    <ClInclude Include="..\..\renderer\DBIKConstraint.h">
      <Filter>renderer</Filter>
    </ClInclude>
    <ClInclude Include="..\..\renderer\DBSkin.h">
      <Filter>renderer</Filter>
    </ClInclude>
    <ClInclude Include="..\..\renderer\DBSlot.h">
      <Filter>renderer</Filter>
    </ClInclude>
    <ClInclude Include="..\..\textures\ITextureAtlas.h">
      <Filter>textures</Filter>
    </ClInclude>
    <ClInclude Include="..\..\textures\TextureAtlasData.h">
      <Filter>textures</Filter>
    </ClInclude>
    <ClInclude Include="..\..\textures\TextureData.h">
      <Filter>textures</Filter>
    </ClInclude>
  </ItemGroup>
</Project>