// !$*UTF8*$!
{
	archiveVersion = 1;
	classes = {
	};
	objectVersion = 46;
	objects = {

/* Begin PBXBuildFile section */
		AD0B5A031C7061BB007F2C1F /* DBBase.cpp in Sources */ = {isa = PBXBuildFile; fileRef = AD0B5A011C7061BB007F2C1F /* DBBase.cpp */; };
		AD0B5A041C7061BB007F2C1F /* DBBase.cpp in Sources */ = {isa = PBXBuildFile; fileRef = AD0B5A011C7061BB007F2C1F /* DBBase.cpp */; };
		AD0B5A051C7061BB007F2C1F /* DBBase.h in Headers */ = {isa = PBXBuildFile; fileRef = AD0B5A021C7061BB007F2C1F /* DBBase.h */; };
		AD0B5A061C7061BB007F2C1F /* DBBase.h in Headers */ = {isa = PBXBuildFile; fileRef = AD0B5A021C7061BB007F2C1F /* DBBase.h */; };
		AD13ECF81C5F39F700562146 /* flatbuffers.h in Headers */ = {isa = PBXBuildFile; fileRef = AD13EC7D1C5F39F700562146 /* flatbuffers.h */; };
		AD13ECF91C5F39F700562146 /* flatbuffers.h in Headers */ = {isa = PBXBuildFile; fileRef = AD13EC7D1C5F39F700562146 /* flatbuffers.h */; };
		AD13ECFA1C5F39F700562146 /* allocators.h in Headers */ = {isa = PBXBuildFile; fileRef = AD13EC7F1C5F39F700562146 /* allocators.h */; };
		AD13ECFB1C5F39F700562146 /* allocators.h in Headers */ = {isa = PBXBuildFile; fileRef = AD13EC7F1C5F39F700562146 /* allocators.h */; };
		AD13ECFC1C5F39F700562146 /* document.h in Headers */ = {isa = PBXBuildFile; fileRef = AD13EC801C5F39F700562146 /* document.h */; };
		AD13ECFD1C5F39F700562146 /* document.h in Headers */ = {isa = PBXBuildFile; fileRef = AD13EC801C5F39F700562146 /* document.h */; };
		AD13ECFE1C5F39F700562146 /* encodedstream.h in Headers */ = {isa = PBXBuildFile; fileRef = AD13EC811C5F39F700562146 /* encodedstream.h */; };
		AD13ECFF1C5F39F700562146 /* encodedstream.h in Headers */ = {isa = PBXBuildFile; fileRef = AD13EC811C5F39F700562146 /* encodedstream.h */; };
		AD13ED001C5F39F700562146 /* encodings.h in Headers */ = {isa = PBXBuildFile; fileRef = AD13EC821C5F39F700562146 /* encodings.h */; };
		AD13ED011C5F39F700562146 /* encodings.h in Headers */ = {isa = PBXBuildFile; fileRef = AD13EC821C5F39F700562146 /* encodings.h */; };
		AD13ED021C5F39F700562146 /* en.h in Headers */ = {isa = PBXBuildFile; fileRef = AD13EC841C5F39F700562146 /* en.h */; };
		AD13ED031C5F39F700562146 /* en.h in Headers */ = {isa = PBXBuildFile; fileRef = AD13EC841C5F39F700562146 /* en.h */; };
		AD13ED041C5F39F700562146 /* error.h in Headers */ = {isa = PBXBuildFile; fileRef = AD13EC851C5F39F700562146 /* error.h */; };
		AD13ED051C5F39F700562146 /* error.h in Headers */ = {isa = PBXBuildFile; fileRef = AD13EC851C5F39F700562146 /* error.h */; };
		AD13ED061C5F39F700562146 /* filereadstream.h in Headers */ = {isa = PBXBuildFile; fileRef = AD13EC861C5F39F700562146 /* filereadstream.h */; };
		AD13ED071C5F39F700562146 /* filereadstream.h in Headers */ = {isa = PBXBuildFile; fileRef = AD13EC861C5F39F700562146 /* filereadstream.h */; };
		AD13ED081C5F39F700562146 /* filewritestream.h in Headers */ = {isa = PBXBuildFile; fileRef = AD13EC871C5F39F700562146 /* filewritestream.h */; };
		AD13ED091C5F39F700562146 /* filewritestream.h in Headers */ = {isa = PBXBuildFile; fileRef = AD13EC871C5F39F700562146 /* filewritestream.h */; };
		AD13ED0A1C5F39F700562146 /* biginteger.h in Headers */ = {isa = PBXBuildFile; fileRef = AD13EC891C5F39F700562146 /* biginteger.h */; };
		AD13ED0B1C5F39F700562146 /* biginteger.h in Headers */ = {isa = PBXBuildFile; fileRef = AD13EC891C5F39F700562146 /* biginteger.h */; };
		AD13ED0C1C5F39F700562146 /* diyfp.h in Headers */ = {isa = PBXBuildFile; fileRef = AD13EC8A1C5F39F700562146 /* diyfp.h */; };
		AD13ED0D1C5F39F700562146 /* diyfp.h in Headers */ = {isa = PBXBuildFile; fileRef = AD13EC8A1C5F39F700562146 /* diyfp.h */; };
		AD13ED0E1C5F39F700562146 /* dtoa.h in Headers */ = {isa = PBXBuildFile; fileRef = AD13EC8B1C5F39F700562146 /* dtoa.h */; };
		AD13ED0F1C5F39F700562146 /* dtoa.h in Headers */ = {isa = PBXBuildFile; fileRef = AD13EC8B1C5F39F700562146 /* dtoa.h */; };
		AD13ED101C5F39F700562146 /* ieee754.h in Headers */ = {isa = PBXBuildFile; fileRef = AD13EC8C1C5F39F700562146 /* ieee754.h */; };
		AD13ED111C5F39F700562146 /* ieee754.h in Headers */ = {isa = PBXBuildFile; fileRef = AD13EC8C1C5F39F700562146 /* ieee754.h */; };
		AD13ED121C5F39F700562146 /* itoa.h in Headers */ = {isa = PBXBuildFile; fileRef = AD13EC8D1C5F39F700562146 /* itoa.h */; };
		AD13ED131C5F39F700562146 /* itoa.h in Headers */ = {isa = PBXBuildFile; fileRef = AD13EC8D1C5F39F700562146 /* itoa.h */; };
		AD13ED141C5F39F700562146 /* meta.h in Headers */ = {isa = PBXBuildFile; fileRef = AD13EC8E1C5F39F700562146 /* meta.h */; };
		AD13ED151C5F39F700562146 /* meta.h in Headers */ = {isa = PBXBuildFile; fileRef = AD13EC8E1C5F39F700562146 /* meta.h */; };
		AD13ED161C5F39F700562146 /* pow10.h in Headers */ = {isa = PBXBuildFile; fileRef = AD13EC8F1C5F39F700562146 /* pow10.h */; };
		AD13ED171C5F39F700562146 /* pow10.h in Headers */ = {isa = PBXBuildFile; fileRef = AD13EC8F1C5F39F700562146 /* pow10.h */; };
		AD13ED181C5F39F700562146 /* stack.h in Headers */ = {isa = PBXBuildFile; fileRef = AD13EC901C5F39F700562146 /* stack.h */; };
		AD13ED191C5F39F700562146 /* stack.h in Headers */ = {isa = PBXBuildFile; fileRef = AD13EC901C5F39F700562146 /* stack.h */; };
		AD13ED1A1C5F39F700562146 /* strfunc.h in Headers */ = {isa = PBXBuildFile; fileRef = AD13EC911C5F39F700562146 /* strfunc.h */; };
		AD13ED1B1C5F39F700562146 /* strfunc.h in Headers */ = {isa = PBXBuildFile; fileRef = AD13EC911C5F39F700562146 /* strfunc.h */; };
		AD13ED1C1C5F39F700562146 /* strtod.h in Headers */ = {isa = PBXBuildFile; fileRef = AD13EC921C5F39F700562146 /* strtod.h */; };
		AD13ED1D1C5F39F700562146 /* strtod.h in Headers */ = {isa = PBXBuildFile; fileRef = AD13EC921C5F39F700562146 /* strtod.h */; };
		AD13ED1E1C5F39F700562146 /* swap.h in Headers */ = {isa = PBXBuildFile; fileRef = AD13EC931C5F39F700562146 /* swap.h */; };
		AD13ED1F1C5F39F700562146 /* swap.h in Headers */ = {isa = PBXBuildFile; fileRef = AD13EC931C5F39F700562146 /* swap.h */; };
		AD13ED201C5F39F700562146 /* memorybuffer.h in Headers */ = {isa = PBXBuildFile; fileRef = AD13EC941C5F39F700562146 /* memorybuffer.h */; };
		AD13ED211C5F39F700562146 /* memorybuffer.h in Headers */ = {isa = PBXBuildFile; fileRef = AD13EC941C5F39F700562146 /* memorybuffer.h */; };
		AD13ED221C5F39F700562146 /* memorystream.h in Headers */ = {isa = PBXBuildFile; fileRef = AD13EC951C5F39F700562146 /* memorystream.h */; };
		AD13ED231C5F39F700562146 /* memorystream.h in Headers */ = {isa = PBXBuildFile; fileRef = AD13EC951C5F39F700562146 /* memorystream.h */; };
		AD13ED281C5F39F700562146 /* pointer.h in Headers */ = {isa = PBXBuildFile; fileRef = AD13EC991C5F39F700562146 /* pointer.h */; };
		AD13ED291C5F39F700562146 /* pointer.h in Headers */ = {isa = PBXBuildFile; fileRef = AD13EC991C5F39F700562146 /* pointer.h */; };
		AD13ED2A1C5F39F700562146 /* prettywriter.h in Headers */ = {isa = PBXBuildFile; fileRef = AD13EC9A1C5F39F700562146 /* prettywriter.h */; };
		AD13ED2B1C5F39F700562146 /* prettywriter.h in Headers */ = {isa = PBXBuildFile; fileRef = AD13EC9A1C5F39F700562146 /* prettywriter.h */; };
		AD13ED2C1C5F39F700562146 /* rapidjson.h in Headers */ = {isa = PBXBuildFile; fileRef = AD13EC9B1C5F39F700562146 /* rapidjson.h */; };
		AD13ED2D1C5F39F700562146 /* rapidjson.h in Headers */ = {isa = PBXBuildFile; fileRef = AD13EC9B1C5F39F700562146 /* rapidjson.h */; };
		AD13ED2E1C5F39F700562146 /* reader.h in Headers */ = {isa = PBXBuildFile; fileRef = AD13EC9C1C5F39F700562146 /* reader.h */; };
		AD13ED2F1C5F39F700562146 /* reader.h in Headers */ = {isa = PBXBuildFile; fileRef = AD13EC9C1C5F39F700562146 /* reader.h */; };
		AD13ED301C5F39F700562146 /* stringbuffer.h in Headers */ = {isa = PBXBuildFile; fileRef = AD13EC9D1C5F39F700562146 /* stringbuffer.h */; };
		AD13ED311C5F39F700562146 /* stringbuffer.h in Headers */ = {isa = PBXBuildFile; fileRef = AD13EC9D1C5F39F700562146 /* stringbuffer.h */; };
		AD13ED321C5F39F700562146 /* writer.h in Headers */ = {isa = PBXBuildFile; fileRef = AD13EC9E1C5F39F700562146 /* writer.h */; };
		AD13ED331C5F39F700562146 /* writer.h in Headers */ = {isa = PBXBuildFile; fileRef = AD13EC9E1C5F39F700562146 /* writer.h */; };
		AD13ED341C5F39F700562146 /* dbtinyxml2.cpp in Sources */ = {isa = PBXBuildFile; fileRef = AD13ECA01C5F39F700562146 /* dbtinyxml2.cpp */; };
		AD13ED351C5F39F700562146 /* dbtinyxml2.cpp in Sources */ = {isa = PBXBuildFile; fileRef = AD13ECA01C5F39F700562146 /* dbtinyxml2.cpp */; };
		AD13ED361C5F39F700562146 /* dbtinyxml2.h in Headers */ = {isa = PBXBuildFile; fileRef = AD13ECA11C5F39F700562146 /* dbtinyxml2.h */; };
		AD13ED371C5F39F700562146 /* dbtinyxml2.h in Headers */ = {isa = PBXBuildFile; fileRef = AD13ECA11C5F39F700562146 /* dbtinyxml2.h */; };
		AD13ED4E1C5F39F700562146 /* Armature.cpp in Sources */ = {isa = PBXBuildFile; fileRef = AD13ECAF1C5F39F700562146 /* Armature.cpp */; };
		AD13ED4F1C5F39F700562146 /* Armature.cpp in Sources */ = {isa = PBXBuildFile; fileRef = AD13ECAF1C5F39F700562146 /* Armature.cpp */; };
		AD13ED501C5F39F700562146 /* Armature.h in Headers */ = {isa = PBXBuildFile; fileRef = AD13ECB01C5F39F700562146 /* Armature.h */; };
		AD13ED511C5F39F700562146 /* Armature.h in Headers */ = {isa = PBXBuildFile; fileRef = AD13ECB01C5F39F700562146 /* Armature.h */; };
		AD13ED521C5F39F700562146 /* Bone.cpp in Sources */ = {isa = PBXBuildFile; fileRef = AD13ECB11C5F39F700562146 /* Bone.cpp */; };
		AD13ED531C5F39F700562146 /* Bone.cpp in Sources */ = {isa = PBXBuildFile; fileRef = AD13ECB11C5F39F700562146 /* Bone.cpp */; };
		AD13ED541C5F39F700562146 /* Bone.h in Headers */ = {isa = PBXBuildFile; fileRef = AD13ECB21C5F39F700562146 /* Bone.h */; };
		AD13ED551C5F39F700562146 /* Bone.h in Headers */ = {isa = PBXBuildFile; fileRef = AD13ECB21C5F39F700562146 /* Bone.h */; };
		AD13ED561C5F39F700562146 /* DBObject.cpp in Sources */ = {isa = PBXBuildFile; fileRef = AD13ECB31C5F39F700562146 /* DBObject.cpp */; };
		AD13ED571C5F39F700562146 /* DBObject.cpp in Sources */ = {isa = PBXBuildFile; fileRef = AD13ECB31C5F39F700562146 /* DBObject.cpp */; };
		AD13ED581C5F39F700562146 /* DBObject.h in Headers */ = {isa = PBXBuildFile; fileRef = AD13ECB41C5F39F700562146 /* DBObject.h */; };
		AD13ED591C5F39F700562146 /* DBObject.h in Headers */ = {isa = PBXBuildFile; fileRef = AD13ECB41C5F39F700562146 /* DBObject.h */; };
		AD13ED5A1C5F39F700562146 /* Slot.cpp in Sources */ = {isa = PBXBuildFile; fileRef = AD13ECB51C5F39F700562146 /* Slot.cpp */; };
		AD13ED5B1C5F39F700562146 /* Slot.cpp in Sources */ = {isa = PBXBuildFile; fileRef = AD13ECB51C5F39F700562146 /* Slot.cpp */; };
		AD13ED5C1C5F39F700562146 /* Slot.h in Headers */ = {isa = PBXBuildFile; fileRef = AD13ECB61C5F39F700562146 /* Slot.h */; };
		AD13ED5D1C5F39F700562146 /* Slot.h in Headers */ = {isa = PBXBuildFile; fileRef = AD13ECB61C5F39F700562146 /* Slot.h */; };
		AD13ED5E1C5F39F700562146 /* DragonBones.h in Headers */ = {isa = PBXBuildFile; fileRef = AD13ECB71C5F39F700562146 /* DragonBones.h */; };
		AD13ED5F1C5F39F700562146 /* DragonBones.h in Headers */ = {isa = PBXBuildFile; fileRef = AD13ECB71C5F39F700562146 /* DragonBones.h */; };
		AD13ED601C5F39F700562146 /* DragonBonesHeaders.h in Headers */ = {isa = PBXBuildFile; fileRef = AD13ECB81C5F39F700562146 /* DragonBonesHeaders.h */; };
		AD13ED611C5F39F700562146 /* DragonBonesHeaders.h in Headers */ = {isa = PBXBuildFile; fileRef = AD13ECB81C5F39F700562146 /* DragonBonesHeaders.h */; };
		AD13ED621C5F39F700562146 /* EventData.cpp in Sources */ = {isa = PBXBuildFile; fileRef = AD13ECBA1C5F39F700562146 /* EventData.cpp */; };
		AD13ED631C5F39F700562146 /* EventData.cpp in Sources */ = {isa = PBXBuildFile; fileRef = AD13ECBA1C5F39F700562146 /* EventData.cpp */; };
		AD13ED641C5F39F700562146 /* EventData.h in Headers */ = {isa = PBXBuildFile; fileRef = AD13ECBB1C5F39F700562146 /* EventData.h */; };
		AD13ED651C5F39F700562146 /* EventData.h in Headers */ = {isa = PBXBuildFile; fileRef = AD13ECBB1C5F39F700562146 /* EventData.h */; };
		AD13ED661C5F39F700562146 /* IEventDispatcher.h in Headers */ = {isa = PBXBuildFile; fileRef = AD13ECBC1C5F39F700562146 /* IEventDispatcher.h */; };
		AD13ED671C5F39F700562146 /* IEventDispatcher.h in Headers */ = {isa = PBXBuildFile; fileRef = AD13ECBC1C5F39F700562146 /* IEventDispatcher.h */; };
		AD13ED681C5F39F700562146 /* BaseFactory.cpp in Sources */ = {isa = PBXBuildFile; fileRef = AD13ECBE1C5F39F700562146 /* BaseFactory.cpp */; };
		AD13ED691C5F39F700562146 /* BaseFactory.cpp in Sources */ = {isa = PBXBuildFile; fileRef = AD13ECBE1C5F39F700562146 /* BaseFactory.cpp */; };
		AD13ED6A1C5F39F700562146 /* BaseFactory.h in Headers */ = {isa = PBXBuildFile; fileRef = AD13ECBF1C5F39F700562146 /* BaseFactory.h */; };
		AD13ED6B1C5F39F700562146 /* BaseFactory.h in Headers */ = {isa = PBXBuildFile; fileRef = AD13ECBF1C5F39F700562146 /* BaseFactory.h */; };
		AD13ED6C1C5F39F700562146 /* ColorTransform.h in Headers */ = {isa = PBXBuildFile; fileRef = AD13ECC11C5F39F700562146 /* ColorTransform.h */; };
		AD13ED6D1C5F39F700562146 /* ColorTransform.h in Headers */ = {isa = PBXBuildFile; fileRef = AD13ECC11C5F39F700562146 /* ColorTransform.h */; };
		AD13ED6E1C5F39F700562146 /* Matrix.h in Headers */ = {isa = PBXBuildFile; fileRef = AD13ECC21C5F39F700562146 /* Matrix.h */; };
		AD13ED6F1C5F39F700562146 /* Matrix.h in Headers */ = {isa = PBXBuildFile; fileRef = AD13ECC21C5F39F700562146 /* Matrix.h */; };
		AD13ED701C5F39F700562146 /* Point.h in Headers */ = {isa = PBXBuildFile; fileRef = AD13ECC31C5F39F700562146 /* Point.h */; };
		AD13ED711C5F39F700562146 /* Point.h in Headers */ = {isa = PBXBuildFile; fileRef = AD13ECC31C5F39F700562146 /* Point.h */; };
		AD13ED721C5F39F700562146 /* Rectangle.h in Headers */ = {isa = PBXBuildFile; fileRef = AD13ECC41C5F39F700562146 /* Rectangle.h */; };
		AD13ED731C5F39F700562146 /* Rectangle.h in Headers */ = {isa = PBXBuildFile; fileRef = AD13ECC41C5F39F700562146 /* Rectangle.h */; };
		AD13ED741C5F39F700562146 /* Transform.h in Headers */ = {isa = PBXBuildFile; fileRef = AD13ECC51C5F39F700562146 /* Transform.h */; };
		AD13ED751C5F39F700562146 /* Transform.h in Headers */ = {isa = PBXBuildFile; fileRef = AD13ECC51C5F39F700562146 /* Transform.h */; };
		AD13ED761C5F39F700562146 /* AnimationData.h in Headers */ = {isa = PBXBuildFile; fileRef = AD13ECC71C5F39F700562146 /* AnimationData.h */; };
		AD13ED771C5F39F700562146 /* AnimationData.h in Headers */ = {isa = PBXBuildFile; fileRef = AD13ECC71C5F39F700562146 /* AnimationData.h */; };
		AD13ED781C5F39F700562146 /* ArmatureData.h in Headers */ = {isa = PBXBuildFile; fileRef = AD13ECC81C5F39F700562146 /* ArmatureData.h */; };
		AD13ED791C5F39F700562146 /* ArmatureData.h in Headers */ = {isa = PBXBuildFile; fileRef = AD13ECC81C5F39F700562146 /* ArmatureData.h */; };
		AD13ED7A1C5F39F700562146 /* BoneData.h in Headers */ = {isa = PBXBuildFile; fileRef = AD13ECC91C5F39F700562146 /* BoneData.h */; };
		AD13ED7B1C5F39F700562146 /* BoneData.h in Headers */ = {isa = PBXBuildFile; fileRef = AD13ECC91C5F39F700562146 /* BoneData.h */; };
		AD13ED7C1C5F39F700562146 /* CurveData.h in Headers */ = {isa = PBXBuildFile; fileRef = AD13ECCA1C5F39F700562146 /* CurveData.h */; };
		AD13ED7D1C5F39F700562146 /* CurveData.h in Headers */ = {isa = PBXBuildFile; fileRef = AD13ECCA1C5F39F700562146 /* CurveData.h */; };
		AD13ED7E1C5F39F700562146 /* DisplayData.h in Headers */ = {isa = PBXBuildFile; fileRef = AD13ECCB1C5F39F700562146 /* DisplayData.h */; };
		AD13ED7F1C5F39F700562146 /* DisplayData.h in Headers */ = {isa = PBXBuildFile; fileRef = AD13ECCB1C5F39F700562146 /* DisplayData.h */; };
		AD13ED801C5F39F700562146 /* DragonBonesData.h in Headers */ = {isa = PBXBuildFile; fileRef = AD13ECCC1C5F39F700562146 /* DragonBonesData.h */; };
		AD13ED811C5F39F700562146 /* DragonBonesData.h in Headers */ = {isa = PBXBuildFile; fileRef = AD13ECCC1C5F39F700562146 /* DragonBonesData.h */; };
		AD13ED821C5F39F700562146 /* Frame.h in Headers */ = {isa = PBXBuildFile; fileRef = AD13ECCD1C5F39F700562146 /* Frame.h */; };
		AD13ED831C5F39F700562146 /* Frame.h in Headers */ = {isa = PBXBuildFile; fileRef = AD13ECCD1C5F39F700562146 /* Frame.h */; };
		AD13ED841C5F39F700562146 /* SkinData.h in Headers */ = {isa = PBXBuildFile; fileRef = AD13ECCE1C5F39F700562146 /* SkinData.h */; };
		AD13ED851C5F39F700562146 /* SkinData.h in Headers */ = {isa = PBXBuildFile; fileRef = AD13ECCE1C5F39F700562146 /* SkinData.h */; };
		AD13ED861C5F39F700562146 /* SlotData.h in Headers */ = {isa = PBXBuildFile; fileRef = AD13ECCF1C5F39F700562146 /* SlotData.h */; };
		AD13ED871C5F39F700562146 /* SlotData.h in Headers */ = {isa = PBXBuildFile; fileRef = AD13ECCF1C5F39F700562146 /* SlotData.h */; };
		AD13ED881C5F39F700562146 /* SlotFrame.h in Headers */ = {isa = PBXBuildFile; fileRef = AD13ECD01C5F39F700562146 /* SlotFrame.h */; };
		AD13ED891C5F39F700562146 /* SlotFrame.h in Headers */ = {isa = PBXBuildFile; fileRef = AD13ECD01C5F39F700562146 /* SlotFrame.h */; };
		AD13ED8A1C5F39F700562146 /* SlotTimeline.h in Headers */ = {isa = PBXBuildFile; fileRef = AD13ECD11C5F39F700562146 /* SlotTimeline.h */; };
		AD13ED8B1C5F39F700562146 /* SlotTimeline.h in Headers */ = {isa = PBXBuildFile; fileRef = AD13ECD11C5F39F700562146 /* SlotTimeline.h */; };
		AD13ED8C1C5F39F700562146 /* Timeline.h in Headers */ = {isa = PBXBuildFile; fileRef = AD13ECD21C5F39F700562146 /* Timeline.h */; };
		AD13ED8D1C5F39F700562146 /* Timeline.h in Headers */ = {isa = PBXBuildFile; fileRef = AD13ECD21C5F39F700562146 /* Timeline.h */; };
		AD13ED8E1C5F39F700562146 /* TransformFrame.h in Headers */ = {isa = PBXBuildFile; fileRef = AD13ECD31C5F39F700562146 /* TransformFrame.h */; };
		AD13ED8F1C5F39F700562146 /* TransformFrame.h in Headers */ = {isa = PBXBuildFile; fileRef = AD13ECD31C5F39F700562146 /* TransformFrame.h */; };
		AD13ED901C5F39F700562146 /* TransformTimeline.h in Headers */ = {isa = PBXBuildFile; fileRef = AD13ECD41C5F39F700562146 /* TransformTimeline.h */; };
		AD13ED911C5F39F700562146 /* TransformTimeline.h in Headers */ = {isa = PBXBuildFile; fileRef = AD13ECD41C5F39F700562146 /* TransformTimeline.h */; };
		AD13ED921C5F39F700562146 /* BaseDataParser.cpp in Sources */ = {isa = PBXBuildFile; fileRef = AD13ECD61C5F39F700562146 /* BaseDataParser.cpp */; };
		AD13ED931C5F39F700562146 /* BaseDataParser.cpp in Sources */ = {isa = PBXBuildFile; fileRef = AD13ECD61C5F39F700562146 /* BaseDataParser.cpp */; };
		AD13ED941C5F39F700562146 /* BaseDataParser.h in Headers */ = {isa = PBXBuildFile; fileRef = AD13ECD71C5F39F700562146 /* BaseDataParser.h */; };
		AD13ED951C5F39F700562146 /* BaseDataParser.h in Headers */ = {isa = PBXBuildFile; fileRef = AD13ECD71C5F39F700562146 /* BaseDataParser.h */; };
		AD13ED961C5F39F700562146 /* ConstValues.cpp in Sources */ = {isa = PBXBuildFile; fileRef = AD13ECD81C5F39F700562146 /* ConstValues.cpp */; };
		AD13ED971C5F39F700562146 /* ConstValues.cpp in Sources */ = {isa = PBXBuildFile; fileRef = AD13ECD81C5F39F700562146 /* ConstValues.cpp */; };
		AD13ED981C5F39F700562146 /* ConstValues.h in Headers */ = {isa = PBXBuildFile; fileRef = AD13ECD91C5F39F700562146 /* ConstValues.h */; };
		AD13ED991C5F39F700562146 /* ConstValues.h in Headers */ = {isa = PBXBuildFile; fileRef = AD13ECD91C5F39F700562146 /* ConstValues.h */; };
		AD13ED9A1C5F39F700562146 /* JSONDataParser.cpp in Sources */ = {isa = PBXBuildFile; fileRef = AD13ECDA1C5F39F700562146 /* JSONDataParser.cpp */; };
		AD13ED9B1C5F39F700562146 /* JSONDataParser.cpp in Sources */ = {isa = PBXBuildFile; fileRef = AD13ECDA1C5F39F700562146 /* JSONDataParser.cpp */; };
		AD13ED9C1C5F39F700562146 /* JSONDataParser.h in Headers */ = {isa = PBXBuildFile; fileRef = AD13ECDB1C5F39F700562146 /* JSONDataParser.h */; };
		AD13ED9D1C5F39F700562146 /* JSONDataParser.h in Headers */ = {isa = PBXBuildFile; fileRef = AD13ECDB1C5F39F700562146 /* JSONDataParser.h */; };
		AD13ED9E1C5F39F700562146 /* XMLDataParser.cpp in Sources */ = {isa = PBXBuildFile; fileRef = AD13ECDC1C5F39F700562146 /* XMLDataParser.cpp */; };
		AD13ED9F1C5F39F700562146 /* XMLDataParser.cpp in Sources */ = {isa = PBXBuildFile; fileRef = AD13ECDC1C5F39F700562146 /* XMLDataParser.cpp */; };
		AD13EDA01C5F39F700562146 /* XMLDataParser.h in Headers */ = {isa = PBXBuildFile; fileRef = AD13ECDD1C5F39F700562146 /* XMLDataParser.h */; };
		AD13EDA11C5F39F700562146 /* XMLDataParser.h in Headers */ = {isa = PBXBuildFile; fileRef = AD13ECDD1C5F39F700562146 /* XMLDataParser.h */; };
		AD13EDA21C5F39F700562146 /* DBCCArmature.cpp in Sources */ = {isa = PBXBuildFile; fileRef = AD13ECDF1C5F39F700562146 /* DBCCArmature.cpp */; };
		AD13EDA31C5F39F700562146 /* DBCCArmature.cpp in Sources */ = {isa = PBXBuildFile; fileRef = AD13ECDF1C5F39F700562146 /* DBCCArmature.cpp */; };
		AD13EDA41C5F39F700562146 /* DBCCArmature.h in Headers */ = {isa = PBXBuildFile; fileRef = AD13ECE01C5F39F700562146 /* DBCCArmature.h */; };
		AD13EDA51C5F39F700562146 /* DBCCArmature.h in Headers */ = {isa = PBXBuildFile; fileRef = AD13ECE01C5F39F700562146 /* DBCCArmature.h */; };
		AD13EDA61C5F39F700562146 /* DBCCArmatureNode.cpp in Sources */ = {isa = PBXBuildFile; fileRef = AD13ECE11C5F39F700562146 /* DBCCArmatureNode.cpp */; };
		AD13EDA71C5F39F700562146 /* DBCCArmatureNode.cpp in Sources */ = {isa = PBXBuildFile; fileRef = AD13ECE11C5F39F700562146 /* DBCCArmatureNode.cpp */; };
		AD13EDA81C5F39F700562146 /* DBCCArmatureNode.h in Headers */ = {isa = PBXBuildFile; fileRef = AD13ECE21C5F39F700562146 /* DBCCArmatureNode.h */; };
		AD13EDA91C5F39F700562146 /* DBCCArmatureNode.h in Headers */ = {isa = PBXBuildFile; fileRef = AD13ECE21C5F39F700562146 /* DBCCArmatureNode.h */; };
		AD13EDAA1C5F39F700562146 /* DBCCEventDispatcher.h in Headers */ = {isa = PBXBuildFile; fileRef = AD13ECE31C5F39F700562146 /* DBCCEventDispatcher.h */; };
		AD13EDAB1C5F39F700562146 /* DBCCEventDispatcher.h in Headers */ = {isa = PBXBuildFile; fileRef = AD13ECE31C5F39F700562146 /* DBCCEventDispatcher.h */; };
		AD13EDAC1C5F39F700562146 /* DBCCFactory.cpp in Sources */ = {isa = PBXBuildFile; fileRef = AD13ECE41C5F39F700562146 /* DBCCFactory.cpp */; };
		AD13EDAD1C5F39F700562146 /* DBCCFactory.cpp in Sources */ = {isa = PBXBuildFile; fileRef = AD13ECE41C5F39F700562146 /* DBCCFactory.cpp */; };
		AD13EDAE1C5F39F700562146 /* DBCCFactory.h in Headers */ = {isa = PBXBuildFile; fileRef = AD13ECE51C5F39F700562146 /* DBCCFactory.h */; };
		AD13EDAF1C5F39F700562146 /* DBCCFactory.h in Headers */ = {isa = PBXBuildFile; fileRef = AD13ECE51C5F39F700562146 /* DBCCFactory.h */; };
		AD13EDB01C5F39F700562146 /* DBCCLuaUtils.cpp in Sources */ = {isa = PBXBuildFile; fileRef = AD13ECE61C5F39F700562146 /* DBCCLuaUtils.cpp */; };
		AD13EDB11C5F39F700562146 /* DBCCLuaUtils.cpp in Sources */ = {isa = PBXBuildFile; fileRef = AD13ECE61C5F39F700562146 /* DBCCLuaUtils.cpp */; };
		AD13EDB21C5F39F700562146 /* DBCCLuaUtils.h in Headers */ = {isa = PBXBuildFile; fileRef = AD13ECE71C5F39F700562146 /* DBCCLuaUtils.h */; };
		AD13EDB31C5F39F700562146 /* DBCCLuaUtils.h in Headers */ = {isa = PBXBuildFile; fileRef = AD13ECE71C5F39F700562146 /* DBCCLuaUtils.h */; };
		AD13EDB41C5F39F700562146 /* dbccMacro.h in Headers */ = {isa = PBXBuildFile; fileRef = AD13ECE81C5F39F700562146 /* dbccMacro.h */; };
		AD13EDB51C5F39F700562146 /* dbccMacro.h in Headers */ = {isa = PBXBuildFile; fileRef = AD13ECE81C5F39F700562146 /* dbccMacro.h */; };
		AD13EDB61C5F39F700562146 /* DBCCRenderHeaders.h in Headers */ = {isa = PBXBuildFile; fileRef = AD13ECE91C5F39F700562146 /* DBCCRenderHeaders.h */; };
		AD13EDB71C5F39F700562146 /* DBCCRenderHeaders.h in Headers */ = {isa = PBXBuildFile; fileRef = AD13ECE91C5F39F700562146 /* DBCCRenderHeaders.h */; };
		AD13EDB81C5F39F700562146 /* DBCCSlot.cpp in Sources */ = {isa = PBXBuildFile; fileRef = AD13ECEA1C5F39F700562146 /* DBCCSlot.cpp */; };
		AD13EDB91C5F39F700562146 /* DBCCSlot.cpp in Sources */ = {isa = PBXBuildFile; fileRef = AD13ECEA1C5F39F700562146 /* DBCCSlot.cpp */; };
		AD13EDBA1C5F39F700562146 /* DBCCSlot.h in Headers */ = {isa = PBXBuildFile; fileRef = AD13ECEB1C5F39F700562146 /* DBCCSlot.h */; };
		AD13EDBB1C5F39F700562146 /* DBCCSlot.h in Headers */ = {isa = PBXBuildFile; fileRef = AD13ECEB1C5F39F700562146 /* DBCCSlot.h */; };
		AD13EDBC1C5F39F700562146 /* DBCCTextureAtlas.h in Headers */ = {isa = PBXBuildFile; fileRef = AD13ECEC1C5F39F700562146 /* DBCCTextureAtlas.h */; };
		AD13EDBD1C5F39F700562146 /* DBCCTextureAtlas.h in Headers */ = {isa = PBXBuildFile; fileRef = AD13ECEC1C5F39F700562146 /* DBCCTextureAtlas.h */; };
		AD13EDBE1C5F39F700562146 /* DBCCUtils.cpp in Sources */ = {isa = PBXBuildFile; fileRef = AD13ECED1C5F39F700562146 /* DBCCUtils.cpp */; };
		AD13EDBF1C5F39F700562146 /* DBCCUtils.cpp in Sources */ = {isa = PBXBuildFile; fileRef = AD13ECED1C5F39F700562146 /* DBCCUtils.cpp */; };
		AD13EDC01C5F39F700562146 /* DBCCUtils.h in Headers */ = {isa = PBXBuildFile; fileRef = AD13ECEE1C5F39F700562146 /* DBCCUtils.h */; };
		AD13EDC11C5F39F700562146 /* DBCCUtils.h in Headers */ = {isa = PBXBuildFile; fileRef = AD13ECEE1C5F39F700562146 /* DBCCUtils.h */; };
		AD13EDC21C5F39F700562146 /* ITextureAtlas.h in Headers */ = {isa = PBXBuildFile; fileRef = AD13ECF51C5F39F700562146 /* ITextureAtlas.h */; };
		AD13EDC31C5F39F700562146 /* ITextureAtlas.h in Headers */ = {isa = PBXBuildFile; fileRef = AD13ECF51C5F39F700562146 /* ITextureAtlas.h */; };
		AD13EDC41C5F39F700562146 /* TextureAtlasData.h in Headers */ = {isa = PBXBuildFile; fileRef = AD13ECF61C5F39F700562146 /* TextureAtlasData.h */; };
		AD13EDC51C5F39F700562146 /* TextureAtlasData.h in Headers */ = {isa = PBXBuildFile; fileRef = AD13ECF61C5F39F700562146 /* TextureAtlasData.h */; };
		AD13EDC61C5F39F700562146 /* TextureData.h in Headers */ = {isa = PBXBuildFile; fileRef = AD13ECF71C5F39F700562146 /* TextureData.h */; };
		AD13EDC71C5F39F700562146 /* TextureData.h in Headers */ = {isa = PBXBuildFile; fileRef = AD13ECF71C5F39F700562146 /* TextureData.h */; };
		AD13EDE51C62019F00562146 /* DBArmature.cpp in Sources */ = {isa = PBXBuildFile; fileRef = AD13EDE31C62019F00562146 /* DBArmature.cpp */; };
		AD13EDE61C62019F00562146 /* DBArmature.cpp in Sources */ = {isa = PBXBuildFile; fileRef = AD13EDE31C62019F00562146 /* DBArmature.cpp */; };
		AD13EDE71C62019F00562146 /* DBArmature.h in Headers */ = {isa = PBXBuildFile; fileRef = AD13EDE41C62019F00562146 /* DBArmature.h */; };
		AD13EDE81C62019F00562146 /* DBArmature.h in Headers */ = {isa = PBXBuildFile; fileRef = AD13EDE41C62019F00562146 /* DBArmature.h */; };
		AD2290F21C63361E0017A24D /* DBSlot.cpp in Sources */ = {isa = PBXBuildFile; fileRef = AD2290F01C63361E0017A24D /* DBSlot.cpp */; };
		AD2290F31C63361E0017A24D /* DBSlot.cpp in Sources */ = {isa = PBXBuildFile; fileRef = AD2290F01C63361E0017A24D /* DBSlot.cpp */; };
		AD2290F41C63361E0017A24D /* DBSlot.h in Headers */ = {isa = PBXBuildFile; fileRef = AD2290F11C63361E0017A24D /* DBSlot.h */; };
		AD2290F51C63361E0017A24D /* DBSlot.h in Headers */ = {isa = PBXBuildFile; fileRef = AD2290F11C63361E0017A24D /* DBSlot.h */; };
		AD60698C1C9668FC00CCC818 /* DBAnimationState.cpp in Sources */ = {isa = PBXBuildFile; fileRef = AD60698A1C9668FC00CCC818 /* DBAnimationState.cpp */; };
		AD60698D1C9668FC00CCC818 /* DBAnimationState.cpp in Sources */ = {isa = PBXBuildFile; fileRef = AD60698A1C9668FC00CCC818 /* DBAnimationState.cpp */; };
		AD60698E1C9668FC00CCC818 /* DBAnimationState.h in Headers */ = {isa = PBXBuildFile; fileRef = AD60698B1C9668FC00CCC818 /* DBAnimationState.h */; };
		AD60698F1C9668FC00CCC818 /* DBAnimationState.h in Headers */ = {isa = PBXBuildFile; fileRef = AD60698B1C9668FC00CCC818 /* DBAnimationState.h */; };
		ADADA19A1C62E93C00B15A4F /* Animation.cpp in Sources */ = {isa = PBXBuildFile; fileRef = ADADA18D1C62E93C00B15A4F /* Animation.cpp */; };
		ADADA19B1C62E93C00B15A4F /* Animation.cpp in Sources */ = {isa = PBXBuildFile; fileRef = ADADA18D1C62E93C00B15A4F /* Animation.cpp */; };
		ADADA19C1C62E93C00B15A4F /* Animation.h in Headers */ = {isa = PBXBuildFile; fileRef = ADADA18E1C62E93C00B15A4F /* Animation.h */; };
		ADADA19D1C62E93C00B15A4F /* Animation.h in Headers */ = {isa = PBXBuildFile; fileRef = ADADA18E1C62E93C00B15A4F /* Animation.h */; };
		ADADA19E1C62E93C00B15A4F /* AnimationState.cpp in Sources */ = {isa = PBXBuildFile; fileRef = ADADA18F1C62E93C00B15A4F /* AnimationState.cpp */; };
		ADADA19F1C62E93C00B15A4F /* AnimationState.cpp in Sources */ = {isa = PBXBuildFile; fileRef = ADADA18F1C62E93C00B15A4F /* AnimationState.cpp */; };
		ADADA1A01C62E93C00B15A4F /* AnimationState.h in Headers */ = {isa = PBXBuildFile; fileRef = ADADA1901C62E93C00B15A4F /* AnimationState.h */; };
		ADADA1A11C62E93C00B15A4F /* AnimationState.h in Headers */ = {isa = PBXBuildFile; fileRef = ADADA1901C62E93C00B15A4F /* AnimationState.h */; };
		ADADA1A21C62E93C00B15A4F /* DBAnimation.cpp in Sources */ = {isa = PBXBuildFile; fileRef = ADADA1911C62E93C00B15A4F /* DBAnimation.cpp */; };
		ADADA1A31C62E93C00B15A4F /* DBAnimation.cpp in Sources */ = {isa = PBXBuildFile; fileRef = ADADA1911C62E93C00B15A4F /* DBAnimation.cpp */; };
		ADADA1A41C62E93C00B15A4F /* DBAnimation.h in Headers */ = {isa = PBXBuildFile; fileRef = ADADA1921C62E93C00B15A4F /* DBAnimation.h */; };
		ADADA1A51C62E93C00B15A4F /* DBAnimation.h in Headers */ = {isa = PBXBuildFile; fileRef = ADADA1921C62E93C00B15A4F /* DBAnimation.h */; };
		ADADA1A61C62E93C00B15A4F /* IAnimatable.h in Headers */ = {isa = PBXBuildFile; fileRef = ADADA1931C62E93C00B15A4F /* IAnimatable.h */; };
		ADADA1A71C62E93C00B15A4F /* IAnimatable.h in Headers */ = {isa = PBXBuildFile; fileRef = ADADA1931C62E93C00B15A4F /* IAnimatable.h */; };
		ADADA1A81C62E93C00B15A4F /* SlotTimelineState.cpp in Sources */ = {isa = PBXBuildFile; fileRef = ADADA1941C62E93C00B15A4F /* SlotTimelineState.cpp */; };
		ADADA1A91C62E93C00B15A4F /* SlotTimelineState.cpp in Sources */ = {isa = PBXBuildFile; fileRef = ADADA1941C62E93C00B15A4F /* SlotTimelineState.cpp */; };
		ADADA1AA1C62E93C00B15A4F /* SlotTimelineState.h in Headers */ = {isa = PBXBuildFile; fileRef = ADADA1951C62E93C00B15A4F /* SlotTimelineState.h */; };
		ADADA1AB1C62E93C00B15A4F /* SlotTimelineState.h in Headers */ = {isa = PBXBuildFile; fileRef = ADADA1951C62E93C00B15A4F /* SlotTimelineState.h */; };
		ADADA1AC1C62E93C00B15A4F /* TimelineState.cpp in Sources */ = {isa = PBXBuildFile; fileRef = ADADA1961C62E93C00B15A4F /* TimelineState.cpp */; };
		ADADA1AD1C62E93C00B15A4F /* TimelineState.cpp in Sources */ = {isa = PBXBuildFile; fileRef = ADADA1961C62E93C00B15A4F /* TimelineState.cpp */; };
		ADADA1AE1C62E93C00B15A4F /* TimelineState.h in Headers */ = {isa = PBXBuildFile; fileRef = ADADA1971C62E93C00B15A4F /* TimelineState.h */; };
		ADADA1AF1C62E93C00B15A4F /* TimelineState.h in Headers */ = {isa = PBXBuildFile; fileRef = ADADA1971C62E93C00B15A4F /* TimelineState.h */; };
		ADADA1B01C62E93C00B15A4F /* WorldClock.cpp in Sources */ = {isa = PBXBuildFile; fileRef = ADADA1981C62E93C00B15A4F /* WorldClock.cpp */; };
		ADADA1B11C62E93C00B15A4F /* WorldClock.cpp in Sources */ = {isa = PBXBuildFile; fileRef = ADADA1981C62E93C00B15A4F /* WorldClock.cpp */; };
		ADADA1B21C62E93C00B15A4F /* WorldClock.h in Headers */ = {isa = PBXBuildFile; fileRef = ADADA1991C62E93C00B15A4F /* WorldClock.h */; };
		ADADA1B31C62E93C00B15A4F /* WorldClock.h in Headers */ = {isa = PBXBuildFile; fileRef = ADADA1991C62E93C00B15A4F /* WorldClock.h */; };
		ADADA1B61C62FEDD00B15A4F /* DBBone.cpp in Sources */ = {isa = PBXBuildFile; fileRef = ADADA1B41C62FEDD00B15A4F /* DBBone.cpp */; };
		ADADA1B71C62FEDD00B15A4F /* DBBone.cpp in Sources */ = {isa = PBXBuildFile; fileRef = ADADA1B41C62FEDD00B15A4F /* DBBone.cpp */; };
		ADADA1B81C62FEDD00B15A4F /* DBBone.h in Headers */ = {isa = PBXBuildFile; fileRef = ADADA1B51C62FEDD00B15A4F /* DBBone.h */; };
		ADADA1B91C62FEDD00B15A4F /* DBBone.h in Headers */ = {isa = PBXBuildFile; fileRef = ADADA1B51C62FEDD00B15A4F /* DBBone.h */; };
		ADAF1F621C7F252200000F53 /* DBSkin.cpp in Sources */ = {isa = PBXBuildFile; fileRef = ADAF1F601C7F252200000F53 /* DBSkin.cpp */; };
		ADAF1F631C7F252200000F53 /* DBSkin.cpp in Sources */ = {isa = PBXBuildFile; fileRef = ADAF1F601C7F252200000F53 /* DBSkin.cpp */; };
		ADAF1F641C7F252200000F53 /* DBSkin.h in Headers */ = {isa = PBXBuildFile; fileRef = ADAF1F611C7F252200000F53 /* DBSkin.h */; };
		ADAF1F651C7F252200000F53 /* DBSkin.h in Headers */ = {isa = PBXBuildFile; fileRef = ADAF1F611C7F252200000F53 /* DBSkin.h */; };
/* End PBXBuildFile section */

/* Begin PBXCopyFilesBuildPhase section */
		AD525BB71C076906000D5586 /* CopyFiles */ = {
			isa = PBXCopyFilesBuildPhase;
			buildActionMask = 2147483647;
			dstPath = "include/$(PRODUCT_NAME)";
			dstSubfolderSpec = 16;
			files = (
			);
			runOnlyForDeploymentPostprocessing = 0;
		};
/* End PBXCopyFilesBuildPhase section */

/* Begin PBXFileReference section */
		AD0B5A011C7061BB007F2C1F /* DBBase.cpp */ = {isa = PBXFileReference; fileEncoding = 4; lastKnownFileType = sourcecode.cpp.cpp; path = DBBase.cpp; sourceTree = "<group>"; };
		AD0B5A021C7061BB007F2C1F /* DBBase.h */ = {isa = PBXFileReference; fileEncoding = 4; lastKnownFileType = sourcecode.c.h; path = DBBase.h; sourceTree = "<group>"; };
		AD13EC7D1C5F39F700562146 /* flatbuffers.h */ = {isa = PBXFileReference; fileEncoding = 4; lastKnownFileType = sourcecode.c.h; path = flatbuffers.h; sourceTree = "<group>"; };
		AD13EC7F1C5F39F700562146 /* allocators.h */ = {isa = PBXFileReference; fileEncoding = 4; lastKnownFileType = sourcecode.c.h; path = allocators.h; sourceTree = "<group>"; };
		AD13EC801C5F39F700562146 /* document.h */ = {isa = PBXFileReference; fileEncoding = 4; lastKnownFileType = sourcecode.c.h; path = document.h; sourceTree = "<group>"; };
		AD13EC811C5F39F700562146 /* encodedstream.h */ = {isa = PBXFileReference; fileEncoding = 4; lastKnownFileType = sourcecode.c.h; path = encodedstream.h; sourceTree = "<group>"; };
		AD13EC821C5F39F700562146 /* encodings.h */ = {isa = PBXFileReference; fileEncoding = 4; lastKnownFileType = sourcecode.c.h; path = encodings.h; sourceTree = "<group>"; };
		AD13EC841C5F39F700562146 /* en.h */ = {isa = PBXFileReference; fileEncoding = 4; lastKnownFileType = sourcecode.c.h; path = en.h; sourceTree = "<group>"; };
		AD13EC851C5F39F700562146 /* error.h */ = {isa = PBXFileReference; fileEncoding = 4; lastKnownFileType = sourcecode.c.h; path = error.h; sourceTree = "<group>"; };
		AD13EC861C5F39F700562146 /* filereadstream.h */ = {isa = PBXFileReference; fileEncoding = 4; lastKnownFileType = sourcecode.c.h; path = filereadstream.h; sourceTree = "<group>"; };
		AD13EC871C5F39F700562146 /* filewritestream.h */ = {isa = PBXFileReference; fileEncoding = 4; lastKnownFileType = sourcecode.c.h; path = filewritestream.h; sourceTree = "<group>"; };
		AD13EC891C5F39F700562146 /* biginteger.h */ = {isa = PBXFileReference; fileEncoding = 4; lastKnownFileType = sourcecode.c.h; path = biginteger.h; sourceTree = "<group>"; };
		AD13EC8A1C5F39F700562146 /* diyfp.h */ = {isa = PBXFileReference; fileEncoding = 4; lastKnownFileType = sourcecode.c.h; path = diyfp.h; sourceTree = "<group>"; };
		AD13EC8B1C5F39F700562146 /* dtoa.h */ = {isa = PBXFileReference; fileEncoding = 4; lastKnownFileType = sourcecode.c.h; path = dtoa.h; sourceTree = "<group>"; };
		AD13EC8C1C5F39F700562146 /* ieee754.h */ = {isa = PBXFileReference; fileEncoding = 4; lastKnownFileType = sourcecode.c.h; path = ieee754.h; sourceTree = "<group>"; };
		AD13EC8D1C5F39F700562146 /* itoa.h */ = {isa = PBXFileReference; fileEncoding = 4; lastKnownFileType = sourcecode.c.h; path = itoa.h; sourceTree = "<group>"; };
		AD13EC8E1C5F39F700562146 /* meta.h */ = {isa = PBXFileReference; fileEncoding = 4; lastKnownFileType = sourcecode.c.h; path = meta.h; sourceTree = "<group>"; };
		AD13EC8F1C5F39F700562146 /* pow10.h */ = {isa = PBXFileReference; fileEncoding = 4; lastKnownFileType = sourcecode.c.h; path = pow10.h; sourceTree = "<group>"; };
		AD13EC901C5F39F700562146 /* stack.h */ = {isa = PBXFileReference; fileEncoding = 4; lastKnownFileType = sourcecode.c.h; path = stack.h; sourceTree = "<group>"; };
		AD13EC911C5F39F700562146 /* strfunc.h */ = {isa = PBXFileReference; fileEncoding = 4; lastKnownFileType = sourcecode.c.h; path = strfunc.h; sourceTree = "<group>"; };
		AD13EC921C5F39F700562146 /* strtod.h */ = {isa = PBXFileReference; fileEncoding = 4; lastKnownFileType = sourcecode.c.h; path = strtod.h; sourceTree = "<group>"; };
		AD13EC931C5F39F700562146 /* swap.h */ = {isa = PBXFileReference; fileEncoding = 4; lastKnownFileType = sourcecode.c.h; path = swap.h; sourceTree = "<group>"; };
		AD13EC941C5F39F700562146 /* memorybuffer.h */ = {isa = PBXFileReference; fileEncoding = 4; lastKnownFileType = sourcecode.c.h; path = memorybuffer.h; sourceTree = "<group>"; };
		AD13EC951C5F39F700562146 /* memorystream.h */ = {isa = PBXFileReference; fileEncoding = 4; lastKnownFileType = sourcecode.c.h; path = memorystream.h; sourceTree = "<group>"; };
		AD13EC991C5F39F700562146 /* pointer.h */ = {isa = PBXFileReference; fileEncoding = 4; lastKnownFileType = sourcecode.c.h; path = pointer.h; sourceTree = "<group>"; };
		AD13EC9A1C5F39F700562146 /* prettywriter.h */ = {isa = PBXFileReference; fileEncoding = 4; lastKnownFileType = sourcecode.c.h; path = prettywriter.h; sourceTree = "<group>"; };
		AD13EC9B1C5F39F700562146 /* rapidjson.h */ = {isa = PBXFileReference; fileEncoding = 4; lastKnownFileType = sourcecode.c.h; path = rapidjson.h; sourceTree = "<group>"; };
		AD13EC9C1C5F39F700562146 /* reader.h */ = {isa = PBXFileReference; fileEncoding = 4; lastKnownFileType = sourcecode.c.h; path = reader.h; sourceTree = "<group>"; };
		AD13EC9D1C5F39F700562146 /* stringbuffer.h */ = {isa = PBXFileReference; fileEncoding = 4; lastKnownFileType = sourcecode.c.h; path = stringbuffer.h; sourceTree = "<group>"; };
		AD13EC9E1C5F39F700562146 /* writer.h */ = {isa = PBXFileReference; fileEncoding = 4; lastKnownFileType = sourcecode.c.h; path = writer.h; sourceTree = "<group>"; };
		AD13ECA01C5F39F700562146 /* dbtinyxml2.cpp */ = {isa = PBXFileReference; fileEncoding = 4; lastKnownFileType = sourcecode.cpp.cpp; path = dbtinyxml2.cpp; sourceTree = "<group>"; };
		AD13ECA11C5F39F700562146 /* dbtinyxml2.h */ = {isa = PBXFileReference; fileEncoding = 4; lastKnownFileType = sourcecode.c.h; path = dbtinyxml2.h; sourceTree = "<group>"; };
		AD13ECAF1C5F39F700562146 /* Armature.cpp */ = {isa = PBXFileReference; fileEncoding = 4; lastKnownFileType = sourcecode.cpp.cpp; path = Armature.cpp; sourceTree = "<group>"; };
		AD13ECB01C5F39F700562146 /* Armature.h */ = {isa = PBXFileReference; fileEncoding = 4; lastKnownFileType = sourcecode.c.h; path = Armature.h; sourceTree = "<group>"; };
		AD13ECB11C5F39F700562146 /* Bone.cpp */ = {isa = PBXFileReference; fileEncoding = 4; lastKnownFileType = sourcecode.cpp.cpp; path = Bone.cpp; sourceTree = "<group>"; };
		AD13ECB21C5F39F700562146 /* Bone.h */ = {isa = PBXFileReference; fileEncoding = 4; lastKnownFileType = sourcecode.c.h; path = Bone.h; sourceTree = "<group>"; };
		AD13ECB31C5F39F700562146 /* DBObject.cpp */ = {isa = PBXFileReference; fileEncoding = 4; lastKnownFileType = sourcecode.cpp.cpp; path = DBObject.cpp; sourceTree = "<group>"; };
		AD13ECB41C5F39F700562146 /* DBObject.h */ = {isa = PBXFileReference; fileEncoding = 4; lastKnownFileType = sourcecode.c.h; path = DBObject.h; sourceTree = "<group>"; };
		AD13ECB51C5F39F700562146 /* Slot.cpp */ = {isa = PBXFileReference; fileEncoding = 4; lastKnownFileType = sourcecode.cpp.cpp; path = Slot.cpp; sourceTree = "<group>"; };
		AD13ECB61C5F39F700562146 /* Slot.h */ = {isa = PBXFileReference; fileEncoding = 4; lastKnownFileType = sourcecode.c.h; path = Slot.h; sourceTree = "<group>"; };
		AD13ECB71C5F39F700562146 /* DragonBones.h */ = {isa = PBXFileReference; fileEncoding = 4; lastKnownFileType = sourcecode.c.h; path = DragonBones.h; sourceTree = "<group>"; };
		AD13ECB81C5F39F700562146 /* DragonBonesHeaders.h */ = {isa = PBXFileReference; fileEncoding = 4; lastKnownFileType = sourcecode.c.h; path = DragonBonesHeaders.h; sourceTree = "<group>"; };
		AD13ECBA1C5F39F700562146 /* EventData.cpp */ = {isa = PBXFileReference; fileEncoding = 4; lastKnownFileType = sourcecode.cpp.cpp; path = EventData.cpp; sourceTree = "<group>"; };
		AD13ECBB1C5F39F700562146 /* EventData.h */ = {isa = PBXFileReference; fileEncoding = 4; lastKnownFileType = sourcecode.c.h; path = EventData.h; sourceTree = "<group>"; };
		AD13ECBC1C5F39F700562146 /* IEventDispatcher.h */ = {isa = PBXFileReference; fileEncoding = 4; lastKnownFileType = sourcecode.c.h; path = IEventDispatcher.h; sourceTree = "<group>"; };
		AD13ECBE1C5F39F700562146 /* BaseFactory.cpp */ = {isa = PBXFileReference; fileEncoding = 4; lastKnownFileType = sourcecode.cpp.cpp; path = BaseFactory.cpp; sourceTree = "<group>"; };
		AD13ECBF1C5F39F700562146 /* BaseFactory.h */ = {isa = PBXFileReference; fileEncoding = 4; lastKnownFileType = sourcecode.c.h; path = BaseFactory.h; sourceTree = "<group>"; };
		AD13ECC11C5F39F700562146 /* ColorTransform.h */ = {isa = PBXFileReference; fileEncoding = 4; lastKnownFileType = sourcecode.c.h; path = ColorTransform.h; sourceTree = "<group>"; };
		AD13ECC21C5F39F700562146 /* Matrix.h */ = {isa = PBXFileReference; fileEncoding = 4; lastKnownFileType = sourcecode.c.h; path = Matrix.h; sourceTree = "<group>"; };
		AD13ECC31C5F39F700562146 /* Point.h */ = {isa = PBXFileReference; fileEncoding = 4; lastKnownFileType = sourcecode.c.h; path = Point.h; sourceTree = "<group>"; };
		AD13ECC41C5F39F700562146 /* Rectangle.h */ = {isa = PBXFileReference; fileEncoding = 4; lastKnownFileType = sourcecode.c.h; path = Rectangle.h; sourceTree = "<group>"; };
		AD13ECC51C5F39F700562146 /* Transform.h */ = {isa = PBXFileReference; fileEncoding = 4; lastKnownFileType = sourcecode.c.h; path = Transform.h; sourceTree = "<group>"; };
		AD13ECC71C5F39F700562146 /* AnimationData.h */ = {isa = PBXFileReference; fileEncoding = 4; lastKnownFileType = sourcecode.c.h; path = AnimationData.h; sourceTree = "<group>"; };
		AD13ECC81C5F39F700562146 /* ArmatureData.h */ = {isa = PBXFileReference; fileEncoding = 4; lastKnownFileType = sourcecode.c.h; path = ArmatureData.h; sourceTree = "<group>"; };
		AD13ECC91C5F39F700562146 /* BoneData.h */ = {isa = PBXFileReference; fileEncoding = 4; lastKnownFileType = sourcecode.c.h; path = BoneData.h; sourceTree = "<group>"; };
		AD13ECCA1C5F39F700562146 /* CurveData.h */ = {isa = PBXFileReference; fileEncoding = 4; lastKnownFileType = sourcecode.c.h; path = CurveData.h; sourceTree = "<group>"; };
		AD13ECCB1C5F39F700562146 /* DisplayData.h */ = {isa = PBXFileReference; fileEncoding = 4; lastKnownFileType = sourcecode.c.h; path = DisplayData.h; sourceTree = "<group>"; };
		AD13ECCC1C5F39F700562146 /* DragonBonesData.h */ = {isa = PBXFileReference; fileEncoding = 4; lastKnownFileType = sourcecode.c.h; path = DragonBonesData.h; sourceTree = "<group>"; };
		AD13ECCD1C5F39F700562146 /* Frame.h */ = {isa = PBXFileReference; fileEncoding = 4; lastKnownFileType = sourcecode.c.h; path = Frame.h; sourceTree = "<group>"; };
		AD13ECCE1C5F39F700562146 /* SkinData.h */ = {isa = PBXFileReference; fileEncoding = 4; lastKnownFileType = sourcecode.c.h; path = SkinData.h; sourceTree = "<group>"; };
		AD13ECCF1C5F39F700562146 /* SlotData.h */ = {isa = PBXFileReference; fileEncoding = 4; lastKnownFileType = sourcecode.c.h; path = SlotData.h; sourceTree = "<group>"; };
		AD13ECD01C5F39F700562146 /* SlotFrame.h */ = {isa = PBXFileReference; fileEncoding = 4; lastKnownFileType = sourcecode.c.h; path = SlotFrame.h; sourceTree = "<group>"; };
		AD13ECD11C5F39F700562146 /* SlotTimeline.h */ = {isa = PBXFileReference; fileEncoding = 4; lastKnownFileType = sourcecode.c.h; path = SlotTimeline.h; sourceTree = "<group>"; };
		AD13ECD21C5F39F700562146 /* Timeline.h */ = {isa = PBXFileReference; fileEncoding = 4; lastKnownFileType = sourcecode.c.h; path = Timeline.h; sourceTree = "<group>"; };
		AD13ECD31C5F39F700562146 /* TransformFrame.h */ = {isa = PBXFileReference; fileEncoding = 4; lastKnownFileType = sourcecode.c.h; path = TransformFrame.h; sourceTree = "<group>"; };
		AD13ECD41C5F39F700562146 /* TransformTimeline.h */ = {isa = PBXFileReference; fileEncoding = 4; lastKnownFileType = sourcecode.c.h; path = TransformTimeline.h; sourceTree = "<group>"; };
		AD13ECD61C5F39F700562146 /* BaseDataParser.cpp */ = {isa = PBXFileReference; fileEncoding = 4; lastKnownFileType = sourcecode.cpp.cpp; path = BaseDataParser.cpp; sourceTree = "<group>"; };
		AD13ECD71C5F39F700562146 /* BaseDataParser.h */ = {isa = PBXFileReference; fileEncoding = 4; lastKnownFileType = sourcecode.c.h; path = BaseDataParser.h; sourceTree = "<group>"; };
		AD13ECD81C5F39F700562146 /* ConstValues.cpp */ = {isa = PBXFileReference; fileEncoding = 4; lastKnownFileType = sourcecode.cpp.cpp; path = ConstValues.cpp; sourceTree = "<group>"; };
		AD13ECD91C5F39F700562146 /* ConstValues.h */ = {isa = PBXFileReference; fileEncoding = 4; lastKnownFileType = sourcecode.c.h; path = ConstValues.h; sourceTree = "<group>"; };
		AD13ECDA1C5F39F700562146 /* JSONDataParser.cpp */ = {isa = PBXFileReference; fileEncoding = 4; lastKnownFileType = sourcecode.cpp.cpp; path = JSONDataParser.cpp; sourceTree = "<group>"; };
		AD13ECDB1C5F39F700562146 /* JSONDataParser.h */ = {isa = PBXFileReference; fileEncoding = 4; lastKnownFileType = sourcecode.c.h; path = JSONDataParser.h; sourceTree = "<group>"; };
		AD13ECDC1C5F39F700562146 /* XMLDataParser.cpp */ = {isa = PBXFileReference; fileEncoding = 4; lastKnownFileType = sourcecode.cpp.cpp; path = XMLDataParser.cpp; sourceTree = "<group>"; };
		AD13ECDD1C5F39F700562146 /* XMLDataParser.h */ = {isa = PBXFileReference; fileEncoding = 4; lastKnownFileType = sourcecode.c.h; path = XMLDataParser.h; sourceTree = "<group>"; };
		AD13ECDF1C5F39F700562146 /* DBCCArmature.cpp */ = {isa = PBXFileReference; fileEncoding = 4; lastKnownFileType = sourcecode.cpp.cpp; path = DBCCArmature.cpp; sourceTree = "<group>"; };
		AD13ECE01C5F39F700562146 /* DBCCArmature.h */ = {isa = PBXFileReference; fileEncoding = 4; lastKnownFileType = sourcecode.c.h; path = DBCCArmature.h; sourceTree = "<group>"; };
		AD13ECE11C5F39F700562146 /* DBCCArmatureNode.cpp */ = {isa = PBXFileReference; fileEncoding = 4; lastKnownFileType = sourcecode.cpp.cpp; path = DBCCArmatureNode.cpp; sourceTree = "<group>"; };
		AD13ECE21C5F39F700562146 /* DBCCArmatureNode.h */ = {isa = PBXFileReference; fileEncoding = 4; lastKnownFileType = sourcecode.c.h; path = DBCCArmatureNode.h; sourceTree = "<group>"; };
		AD13ECE31C5F39F700562146 /* DBCCEventDispatcher.h */ = {isa = PBXFileReference; fileEncoding = 4; lastKnownFileType = sourcecode.c.h; path = DBCCEventDispatcher.h; sourceTree = "<group>"; };
		AD13ECE41C5F39F700562146 /* DBCCFactory.cpp */ = {isa = PBXFileReference; fileEncoding = 4; lastKnownFileType = sourcecode.cpp.cpp; path = DBCCFactory.cpp; sourceTree = "<group>"; };
		AD13ECE51C5F39F700562146 /* DBCCFactory.h */ = {isa = PBXFileReference; fileEncoding = 4; lastKnownFileType = sourcecode.c.h; path = DBCCFactory.h; sourceTree = "<group>"; };
		AD13ECE61C5F39F700562146 /* DBCCLuaUtils.cpp */ = {isa = PBXFileReference; fileEncoding = 4; lastKnownFileType = sourcecode.cpp.cpp; path = DBCCLuaUtils.cpp; sourceTree = "<group>"; };
		AD13ECE71C5F39F700562146 /* DBCCLuaUtils.h */ = {isa = PBXFileReference; fileEncoding = 4; lastKnownFileType = sourcecode.c.h; path = DBCCLuaUtils.h; sourceTree = "<group>"; };
		AD13ECE81C5F39F700562146 /* dbccMacro.h */ = {isa = PBXFileReference; fileEncoding = 4; lastKnownFileType = sourcecode.c.h; path = dbccMacro.h; sourceTree = "<group>"; };
		AD13ECE91C5F39F700562146 /* DBCCRenderHeaders.h */ = {isa = PBXFileReference; fileEncoding = 4; lastKnownFileType = sourcecode.c.h; path = DBCCRenderHeaders.h; sourceTree = "<group>"; };
		AD13ECEA1C5F39F700562146 /* DBCCSlot.cpp */ = {isa = PBXFileReference; fileEncoding = 4; lastKnownFileType = sourcecode.cpp.cpp; path = DBCCSlot.cpp; sourceTree = "<group>"; };
		AD13ECEB1C5F39F700562146 /* DBCCSlot.h */ = {isa = PBXFileReference; fileEncoding = 4; lastKnownFileType = sourcecode.c.h; path = DBCCSlot.h; sourceTree = "<group>"; };
		AD13ECEC1C5F39F700562146 /* DBCCTextureAtlas.h */ = {isa = PBXFileReference; fileEncoding = 4; lastKnownFileType = sourcecode.c.h; path = DBCCTextureAtlas.h; sourceTree = "<group>"; };
		AD13ECED1C5F39F700562146 /* DBCCUtils.cpp */ = {isa = PBXFileReference; fileEncoding = 4; lastKnownFileType = sourcecode.cpp.cpp; path = DBCCUtils.cpp; sourceTree = "<group>"; };
		AD13ECEE1C5F39F700562146 /* DBCCUtils.h */ = {isa = PBXFileReference; fileEncoding = 4; lastKnownFileType = sourcecode.c.h; path = DBCCUtils.h; sourceTree = "<group>"; };
		AD13ECF01C5F39F700562146 /* Android.mk */ = {isa = PBXFileReference; fileEncoding = 4; lastKnownFileType = text; path = Android.mk; sourceTree = "<group>"; };
		AD13ECF21C5F39F700562146 /* libDragonbones.vcxproj */ = {isa = PBXFileReference; fileEncoding = 4; lastKnownFileType = text.xml; path = libDragonbones.vcxproj; sourceTree = "<group>"; };
		AD13ECF31C5F39F700562146 /* libDragonbones.vcxproj.filters */ = {isa = PBXFileReference; fileEncoding = 4; lastKnownFileType = text.xml; path = libDragonbones.vcxproj.filters; sourceTree = "<group>"; };
		AD13ECF51C5F39F700562146 /* ITextureAtlas.h */ = {isa = PBXFileReference; fileEncoding = 4; lastKnownFileType = sourcecode.c.h; path = ITextureAtlas.h; sourceTree = "<group>"; };
		AD13ECF61C5F39F700562146 /* TextureAtlasData.h */ = {isa = PBXFileReference; fileEncoding = 4; lastKnownFileType = sourcecode.c.h; path = TextureAtlasData.h; sourceTree = "<group>"; };
		AD13ECF71C5F39F700562146 /* TextureData.h */ = {isa = PBXFileReference; fileEncoding = 4; lastKnownFileType = sourcecode.c.h; path = TextureData.h; sourceTree = "<group>"; };
		AD13EDE31C62019F00562146 /* DBArmature.cpp */ = {isa = PBXFileReference; fileEncoding = 4; lastKnownFileType = sourcecode.cpp.cpp; path = DBArmature.cpp; sourceTree = "<group>"; };
		AD13EDE41C62019F00562146 /* DBArmature.h */ = {isa = PBXFileReference; fileEncoding = 4; lastKnownFileType = sourcecode.c.h; path = DBArmature.h; sourceTree = "<group>"; };
		AD2290F01C63361E0017A24D /* DBSlot.cpp */ = {isa = PBXFileReference; fileEncoding = 4; lastKnownFileType = sourcecode.cpp.cpp; path = DBSlot.cpp; sourceTree = "<group>"; };
		AD2290F11C63361E0017A24D /* DBSlot.h */ = {isa = PBXFileReference; fileEncoding = 4; lastKnownFileType = sourcecode.c.h; path = DBSlot.h; sourceTree = "<group>"; };
		AD525BAA1C0768DB000D5586 /* libdragonbones mac.a */ = {isa = PBXFileReference; explicitFileType = archive.ar; includeInIndex = 0; path = "libdragonbones mac.a"; sourceTree = BUILT_PRODUCTS_DIR; };
		AD525BB91C076906000D5586 /* libdragonbones ios.a */ = {isa = PBXFileReference; explicitFileType = archive.ar; includeInIndex = 0; path = "libdragonbones ios.a"; sourceTree = BUILT_PRODUCTS_DIR; };
		AD60698A1C9668FC00CCC818 /* DBAnimationState.cpp */ = {isa = PBXFileReference; fileEncoding = 4; lastKnownFileType = sourcecode.cpp.cpp; path = DBAnimationState.cpp; sourceTree = "<group>"; };
		AD60698B1C9668FC00CCC818 /* DBAnimationState.h */ = {isa = PBXFileReference; fileEncoding = 4; lastKnownFileType = sourcecode.c.h; path = DBAnimationState.h; sourceTree = "<group>"; };
		ADADA18D1C62E93C00B15A4F /* Animation.cpp */ = {isa = PBXFileReference; fileEncoding = 4; lastKnownFileType = sourcecode.cpp.cpp; path = Animation.cpp; sourceTree = "<group>"; };
		ADADA18E1C62E93C00B15A4F /* Animation.h */ = {isa = PBXFileReference; fileEncoding = 4; lastKnownFileType = sourcecode.c.h; path = Animation.h; sourceTree = "<group>"; };
		ADADA18F1C62E93C00B15A4F /* AnimationState.cpp */ = {isa = PBXFileReference; fileEncoding = 4; lastKnownFileType = sourcecode.cpp.cpp; path = AnimationState.cpp; sourceTree = "<group>"; };
		ADADA1901C62E93C00B15A4F /* AnimationState.h */ = {isa = PBXFileReference; fileEncoding = 4; lastKnownFileType = sourcecode.c.h; path = AnimationState.h; sourceTree = "<group>"; };
		ADADA1911C62E93C00B15A4F /* DBAnimation.cpp */ = {isa = PBXFileReference; fileEncoding = 4; lastKnownFileType = sourcecode.cpp.cpp; path = DBAnimation.cpp; sourceTree = "<group>"; };
		ADADA1921C62E93C00B15A4F /* DBAnimation.h */ = {isa = PBXFileReference; fileEncoding = 4; lastKnownFileType = sourcecode.c.h; path = DBAnimation.h; sourceTree = "<group>"; };
		ADADA1931C62E93C00B15A4F /* IAnimatable.h */ = {isa = PBXFileReference; fileEncoding = 4; lastKnownFileType = sourcecode.c.h; path = IAnimatable.h; sourceTree = "<group>"; };
		ADADA1941C62E93C00B15A4F /* SlotTimelineState.cpp */ = {isa = PBXFileReference; fileEncoding = 4; lastKnownFileType = sourcecode.cpp.cpp; path = SlotTimelineState.cpp; sourceTree = "<group>"; };
		ADADA1951C62E93C00B15A4F /* SlotTimelineState.h */ = {isa = PBXFileReference; fileEncoding = 4; lastKnownFileType = sourcecode.c.h; path = SlotTimelineState.h; sourceTree = "<group>"; };
		ADADA1961C62E93C00B15A4F /* TimelineState.cpp */ = {isa = PBXFileReference; fileEncoding = 4; lastKnownFileType = sourcecode.cpp.cpp; path = TimelineState.cpp; sourceTree = "<group>"; };
		ADADA1971C62E93C00B15A4F /* TimelineState.h */ = {isa = PBXFileReference; fileEncoding = 4; lastKnownFileType = sourcecode.c.h; path = TimelineState.h; sourceTree = "<group>"; };
		ADADA1981C62E93C00B15A4F /* WorldClock.cpp */ = {isa = PBXFileReference; fileEncoding = 4; lastKnownFileType = sourcecode.cpp.cpp; path = WorldClock.cpp; sourceTree = "<group>"; };
		ADADA1991C62E93C00B15A4F /* WorldClock.h */ = {isa = PBXFileReference; fileEncoding = 4; lastKnownFileType = sourcecode.c.h; path = WorldClock.h; sourceTree = "<group>"; };
		ADADA1B41C62FEDD00B15A4F /* DBBone.cpp */ = {isa = PBXFileReference; fileEncoding = 4; lastKnownFileType = sourcecode.cpp.cpp; path = DBBone.cpp; sourceTree = "<group>"; };
		ADADA1B51C62FEDD00B15A4F /* DBBone.h */ = {isa = PBXFileReference; fileEncoding = 4; lastKnownFileType = sourcecode.c.h; path = DBBone.h; sourceTree = "<group>"; };
		ADAF1F601C7F252200000F53 /* DBSkin.cpp */ = {isa = PBXFileReference; fileEncoding = 4; lastKnownFileType = sourcecode.cpp.cpp; path = DBSkin.cpp; sourceTree = "<group>"; };
		ADAF1F611C7F252200000F53 /* DBSkin.h */ = {isa = PBXFileReference; fileEncoding = 4; lastKnownFileType = sourcecode.c.h; path = DBSkin.h; sourceTree = "<group>"; };
/* End PBXFileReference section */

/* Begin PBXFrameworksBuildPhase section */
		AD525BA71C0768DB000D5586 /* Frameworks */ = {
			isa = PBXFrameworksBuildPhase;
			buildActionMask = 2147483647;
			files = (
			);
			runOnlyForDeploymentPostprocessing = 0;
		};
		AD525BB61C076906000D5586 /* Frameworks */ = {
			isa = PBXFrameworksBuildPhase;
			buildActionMask = 2147483647;
			files = (
			);
			runOnlyForDeploymentPostprocessing = 0;
		};
/* End PBXFrameworksBuildPhase section */

/* Begin PBXGroup section */
		AD13EC7A1C5F39F700562146 /* dragonbones */ = {
			isa = PBXGroup;
			children = (
				ADADA18C1C62E93C00B15A4F /* animation */,
				AD13EC7B1C5F39F700562146 /* 3rd */,
				AD13ECAE1C5F39F700562146 /* core */,
				AD13ECB71C5F39F700562146 /* DragonBones.h */,
				AD13ECB81C5F39F700562146 /* DragonBonesHeaders.h */,
				AD13ECB91C5F39F700562146 /* events */,
				AD13ECBD1C5F39F700562146 /* factories */,
				AD13ECC01C5F39F700562146 /* geoms */,
				AD13ECC61C5F39F700562146 /* objects */,
				AD13ECD51C5F39F700562146 /* parsers */,
				AD13ECDE1C5F39F700562146 /* renderer */,
				AD13ECF41C5F39F700562146 /* textures */,
			);
			path = dragonbones;
			sourceTree = "<group>";
		};
		AD13EC7B1C5F39F700562146 /* 3rd */ = {
			isa = PBXGroup;
			children = (
				AD13EC7C1C5F39F700562146 /* flatbuffers */,
				AD13EC7E1C5F39F700562146 /* rapidjson */,
				AD13EC9F1C5F39F700562146 /* tinyxml2 */,
			);
			path = 3rd;
			sourceTree = "<group>";
		};
		AD13EC7C1C5F39F700562146 /* flatbuffers */ = {
			isa = PBXGroup;
			children = (
				AD13EC7D1C5F39F700562146 /* flatbuffers.h */,
			);
			path = flatbuffers;
			sourceTree = "<group>";
		};
		AD13EC7E1C5F39F700562146 /* rapidjson */ = {
			isa = PBXGroup;
			children = (
				AD13EC7F1C5F39F700562146 /* allocators.h */,
				AD13EC801C5F39F700562146 /* document.h */,
				AD13EC811C5F39F700562146 /* encodedstream.h */,
				AD13EC821C5F39F700562146 /* encodings.h */,
				AD13EC831C5F39F700562146 /* error */,
				AD13EC861C5F39F700562146 /* filereadstream.h */,
				AD13EC871C5F39F700562146 /* filewritestream.h */,
				AD13EC881C5F39F700562146 /* internal */,
				AD13EC941C5F39F700562146 /* memorybuffer.h */,
				AD13EC951C5F39F700562146 /* memorystream.h */,
				AD13EC991C5F39F700562146 /* pointer.h */,
				AD13EC9A1C5F39F700562146 /* prettywriter.h */,
				AD13EC9B1C5F39F700562146 /* rapidjson.h */,
				AD13EC9C1C5F39F700562146 /* reader.h */,
				AD13EC9D1C5F39F700562146 /* stringbuffer.h */,
				AD13EC9E1C5F39F700562146 /* writer.h */,
			);
			path = rapidjson;
			sourceTree = "<group>";
		};
		AD13EC831C5F39F700562146 /* error */ = {
			isa = PBXGroup;
			children = (
				AD13EC841C5F39F700562146 /* en.h */,
				AD13EC851C5F39F700562146 /* error.h */,
			);
			path = error;
			sourceTree = "<group>";
		};
		AD13EC881C5F39F700562146 /* internal */ = {
			isa = PBXGroup;
			children = (
				AD13EC891C5F39F700562146 /* biginteger.h */,
				AD13EC8A1C5F39F700562146 /* diyfp.h */,
				AD13EC8B1C5F39F700562146 /* dtoa.h */,
				AD13EC8C1C5F39F700562146 /* ieee754.h */,
				AD13EC8D1C5F39F700562146 /* itoa.h */,
				AD13EC8E1C5F39F700562146 /* meta.h */,
				AD13EC8F1C5F39F700562146 /* pow10.h */,
				AD13EC901C5F39F700562146 /* stack.h */,
				AD13EC911C5F39F700562146 /* strfunc.h */,
				AD13EC921C5F39F700562146 /* strtod.h */,
				AD13EC931C5F39F700562146 /* swap.h */,
			);
			path = internal;
			sourceTree = "<group>";
		};
		AD13EC9F1C5F39F700562146 /* tinyxml2 */ = {
			isa = PBXGroup;
			children = (
				AD13ECA01C5F39F700562146 /* dbtinyxml2.cpp */,
				AD13ECA11C5F39F700562146 /* dbtinyxml2.h */,
			);
			path = tinyxml2;
			sourceTree = "<group>";
		};
		AD13ECAE1C5F39F700562146 /* core */ = {
			isa = PBXGroup;
			children = (
				AD13ECAF1C5F39F700562146 /* Armature.cpp */,
				AD13ECB01C5F39F700562146 /* Armature.h */,
				AD13ECB11C5F39F700562146 /* Bone.cpp */,
				AD13ECB21C5F39F700562146 /* Bone.h */,
				AD13ECB31C5F39F700562146 /* DBObject.cpp */,
				AD13ECB41C5F39F700562146 /* DBObject.h */,
				AD13ECB51C5F39F700562146 /* Slot.cpp */,
				AD13ECB61C5F39F700562146 /* Slot.h */,
				AD0B5A011C7061BB007F2C1F /* DBBase.cpp */,
				AD0B5A021C7061BB007F2C1F /* DBBase.h */,
			);
			path = core;
			sourceTree = "<group>";
		};
		AD13ECB91C5F39F700562146 /* events */ = {
			isa = PBXGroup;
			children = (
				AD13ECBA1C5F39F700562146 /* EventData.cpp */,
				AD13ECBB1C5F39F700562146 /* EventData.h */,
				AD13ECBC1C5F39F700562146 /* IEventDispatcher.h */,
			);
			path = events;
			sourceTree = "<group>";
		};
		AD13ECBD1C5F39F700562146 /* factories */ = {
			isa = PBXGroup;
			children = (
				AD13ECBE1C5F39F700562146 /* BaseFactory.cpp */,
				AD13ECBF1C5F39F700562146 /* BaseFactory.h */,
			);
			path = factories;
			sourceTree = "<group>";
		};
		AD13ECC01C5F39F700562146 /* geoms */ = {
			isa = PBXGroup;
			children = (
				AD13ECC11C5F39F700562146 /* ColorTransform.h */,
				AD13ECC21C5F39F700562146 /* Matrix.h */,
				AD13ECC31C5F39F700562146 /* Point.h */,
				AD13ECC41C5F39F700562146 /* Rectangle.h */,
				AD13ECC51C5F39F700562146 /* Transform.h */,
			);
			path = geoms;
			sourceTree = "<group>";
		};
		AD13ECC61C5F39F700562146 /* objects */ = {
			isa = PBXGroup;
			children = (
				AD13ECC71C5F39F700562146 /* AnimationData.h */,
				AD13ECC81C5F39F700562146 /* ArmatureData.h */,
				AD13ECC91C5F39F700562146 /* BoneData.h */,
				AD13ECCA1C5F39F700562146 /* CurveData.h */,
				AD13ECCB1C5F39F700562146 /* DisplayData.h */,
				AD13ECCC1C5F39F700562146 /* DragonBonesData.h */,
				AD13ECCD1C5F39F700562146 /* Frame.h */,
				AD13ECCE1C5F39F700562146 /* SkinData.h */,
				AD13ECCF1C5F39F700562146 /* SlotData.h */,
				AD13ECD01C5F39F700562146 /* SlotFrame.h */,
				AD13ECD11C5F39F700562146 /* SlotTimeline.h */,
				AD13ECD21C5F39F700562146 /* Timeline.h */,
				AD13ECD31C5F39F700562146 /* TransformFrame.h */,
				AD13ECD41C5F39F700562146 /* TransformTimeline.h */,
			);
			path = objects;
			sourceTree = "<group>";
		};
		AD13ECD51C5F39F700562146 /* parsers */ = {
			isa = PBXGroup;
			children = (
				AD13ECD61C5F39F700562146 /* BaseDataParser.cpp */,
				AD13ECD71C5F39F700562146 /* BaseDataParser.h */,
				AD13ECD81C5F39F700562146 /* ConstValues.cpp */,
				AD13ECD91C5F39F700562146 /* ConstValues.h */,
				AD13ECDA1C5F39F700562146 /* JSONDataParser.cpp */,
				AD13ECDB1C5F39F700562146 /* JSONDataParser.h */,
				AD13ECDC1C5F39F700562146 /* XMLDataParser.cpp */,
				AD13ECDD1C5F39F700562146 /* XMLDataParser.h */,
			);
			path = parsers;
			sourceTree = "<group>";
		};
		AD13ECDE1C5F39F700562146 /* renderer */ = {
			isa = PBXGroup;
			children = (
				AD13ECDF1C5F39F700562146 /* DBCCArmature.cpp */,
				AD13ECE01C5F39F700562146 /* DBCCArmature.h */,
				AD13ECE11C5F39F700562146 /* DBCCArmatureNode.cpp */,
				AD13ECE21C5F39F700562146 /* DBCCArmatureNode.h */,
				AD13ECE31C5F39F700562146 /* DBCCEventDispatcher.h */,
				AD13ECE41C5F39F700562146 /* DBCCFactory.cpp */,
				AD13ECE51C5F39F700562146 /* DBCCFactory.h */,
				AD13ECE61C5F39F700562146 /* DBCCLuaUtils.cpp */,
				AD13ECE71C5F39F700562146 /* DBCCLuaUtils.h */,
				AD13ECE81C5F39F700562146 /* dbccMacro.h */,
				AD13ECE91C5F39F700562146 /* DBCCRenderHeaders.h */,
				AD13ECEA1C5F39F700562146 /* DBCCSlot.cpp */,
				AD13ECEB1C5F39F700562146 /* DBCCSlot.h */,
				AD13ECEC1C5F39F700562146 /* DBCCTextureAtlas.h */,
				AD13ECED1C5F39F700562146 /* DBCCUtils.cpp */,
				AD13ECEE1C5F39F700562146 /* DBCCUtils.h */,
				AD13ECEF1C5F39F700562146 /* proj.android */,
				AD13ECF11C5F39F700562146 /* proj.win32 */,
				AD13EDE31C62019F00562146 /* DBArmature.cpp */,
				AD13EDE41C62019F00562146 /* DBArmature.h */,
				ADADA1B41C62FEDD00B15A4F /* DBBone.cpp */,
				ADADA1B51C62FEDD00B15A4F /* DBBone.h */,
				AD2290F01C63361E0017A24D /* DBSlot.cpp */,
				AD2290F11C63361E0017A24D /* DBSlot.h */,
				ADAF1F601C7F252200000F53 /* DBSkin.cpp */,
				ADAF1F611C7F252200000F53 /* DBSkin.h */,
			);
			path = renderer;
			sourceTree = "<group>";
		};
		AD13ECEF1C5F39F700562146 /* proj.android */ = {
			isa = PBXGroup;
			children = (
				AD13ECF01C5F39F700562146 /* Android.mk */,
			);
			path = proj.android;
			sourceTree = "<group>";
		};
		AD13ECF11C5F39F700562146 /* proj.win32 */ = {
			isa = PBXGroup;
			children = (
				AD13ECF21C5F39F700562146 /* libDragonbones.vcxproj */,
				AD13ECF31C5F39F700562146 /* libDragonbones.vcxproj.filters */,
			);
			path = proj.win32;
			sourceTree = "<group>";
		};
		AD13ECF41C5F39F700562146 /* textures */ = {
			isa = PBXGroup;
			children = (
				AD13ECF51C5F39F700562146 /* ITextureAtlas.h */,
				AD13ECF61C5F39F700562146 /* TextureAtlasData.h */,
				AD13ECF71C5F39F700562146 /* TextureData.h */,
			);
			path = textures;
			sourceTree = "<group>";
		};
		AD525AF11C075AB9000D5586 = {
			isa = PBXGroup;
			children = (
				AD13EC7A1C5F39F700562146 /* dragonbones */,
				AD525AFB1C075AB9000D5586 /* Products */,
			);
			sourceTree = "<group>";
		};
		AD525AFB1C075AB9000D5586 /* Products */ = {
			isa = PBXGroup;
			children = (
				AD525BAA1C0768DB000D5586 /* libdragonbones mac.a */,
				AD525BB91C076906000D5586 /* libdragonbones ios.a */,
			);
			name = Products;
			sourceTree = "<group>";
		};
		ADADA18C1C62E93C00B15A4F /* animation */ = {
			isa = PBXGroup;
			children = (
				ADADA18D1C62E93C00B15A4F /* Animation.cpp */,
				ADADA18E1C62E93C00B15A4F /* Animation.h */,
				ADADA18F1C62E93C00B15A4F /* AnimationState.cpp */,
				ADADA1901C62E93C00B15A4F /* AnimationState.h */,
				ADADA1911C62E93C00B15A4F /* DBAnimation.cpp */,
				ADADA1921C62E93C00B15A4F /* DBAnimation.h */,
				ADADA1931C62E93C00B15A4F /* IAnimatable.h */,
				ADADA1941C62E93C00B15A4F /* SlotTimelineState.cpp */,
				ADADA1951C62E93C00B15A4F /* SlotTimelineState.h */,
				ADADA1961C62E93C00B15A4F /* TimelineState.cpp */,
				ADADA1971C62E93C00B15A4F /* TimelineState.h */,
				ADADA1981C62E93C00B15A4F /* WorldClock.cpp */,
				ADADA1991C62E93C00B15A4F /* WorldClock.h */,
				AD60698A1C9668FC00CCC818 /* DBAnimationState.cpp */,
				AD60698B1C9668FC00CCC818 /* DBAnimationState.h */,
			);
			path = animation;
			sourceTree = "<group>";
		};
/* End PBXGroup section */

/* Begin PBXHeadersBuildPhase section */
		AD525BA81C0768DB000D5586 /* Headers */ = {
			isa = PBXHeadersBuildPhase;
			buildActionMask = 2147483647;
			files = (
				AD13EDC61C5F39F700562146 /* TextureData.h in Headers */,
				ADADA1A41C62E93C00B15A4F /* DBAnimation.h in Headers */,
				AD13ED7A1C5F39F700562146 /* BoneData.h in Headers */,
				AD13ED6C1C5F39F700562146 /* ColorTransform.h in Headers */,
				AD2290F41C63361E0017A24D /* DBSlot.h in Headers */,
				AD13ED821C5F39F700562146 /* Frame.h in Headers */,
				AD13EDB41C5F39F700562146 /* dbccMacro.h in Headers */,
				ADADA1A61C62E93C00B15A4F /* IAnimatable.h in Headers */,
				AD13EDC21C5F39F700562146 /* ITextureAtlas.h in Headers */,
				ADAF1F641C7F252200000F53 /* DBSkin.h in Headers */,
				AD13ED0E1C5F39F700562146 /* dtoa.h in Headers */,
				AD13EDC01C5F39F700562146 /* DBCCUtils.h in Headers */,
				AD13ED121C5F39F700562146 /* itoa.h in Headers */,
				ADADA1A01C62E93C00B15A4F /* AnimationState.h in Headers */,
				ADADA1B21C62E93C00B15A4F /* WorldClock.h in Headers */,
				ADADA19C1C62E93C00B15A4F /* Animation.h in Headers */,
				AD13ED841C5F39F700562146 /* SkinData.h in Headers */,
				AD13ECFA1C5F39F700562146 /* allocators.h in Headers */,
				AD13ED861C5F39F700562146 /* SlotData.h in Headers */,
				AD13EDE71C62019F00562146 /* DBArmature.h in Headers */,
				AD13EDBC1C5F39F700562146 /* DBCCTextureAtlas.h in Headers */,
				AD13ECF81C5F39F700562146 /* flatbuffers.h in Headers */,
				AD13ED161C5F39F700562146 /* pow10.h in Headers */,
				AD13ED1C1C5F39F700562146 /* strtod.h in Headers */,
				AD13ECFC1C5F39F700562146 /* document.h in Headers */,
				ADADA1AE1C62E93C00B15A4F /* TimelineState.h in Headers */,
				AD13ED8E1C5F39F700562146 /* TransformFrame.h in Headers */,
				AD13ED141C5F39F700562146 /* meta.h in Headers */,
				AD13ED9C1C5F39F700562146 /* JSONDataParser.h in Headers */,
				AD13EDAA1C5F39F700562146 /* DBCCEventDispatcher.h in Headers */,
				AD13ED5C1C5F39F700562146 /* Slot.h in Headers */,
				AD13ECFE1C5F39F700562146 /* encodedstream.h in Headers */,
				AD13ED041C5F39F700562146 /* error.h in Headers */,
				AD13ED201C5F39F700562146 /* memorybuffer.h in Headers */,
				AD13ED661C5F39F700562146 /* IEventDispatcher.h in Headers */,
				AD13ED981C5F39F700562146 /* ConstValues.h in Headers */,
				AD13ED761C5F39F700562146 /* AnimationData.h in Headers */,
				AD13ED6E1C5F39F700562146 /* Matrix.h in Headers */,
				AD0B5A051C7061BB007F2C1F /* DBBase.h in Headers */,
				AD13ED6A1C5F39F700562146 /* BaseFactory.h in Headers */,
				ADADA1AA1C62E93C00B15A4F /* SlotTimelineState.h in Headers */,
				AD13ED601C5F39F700562146 /* DragonBonesHeaders.h in Headers */,
				AD13ED901C5F39F700562146 /* TransformTimeline.h in Headers */,
				AD13ED221C5F39F700562146 /* memorystream.h in Headers */,
				AD13ED001C5F39F700562146 /* encodings.h in Headers */,
				AD13ED281C5F39F700562146 /* pointer.h in Headers */,
				AD13ED301C5F39F700562146 /* stringbuffer.h in Headers */,
				AD13ED801C5F39F700562146 /* DragonBonesData.h in Headers */,
				AD13ED1A1C5F39F700562146 /* strfunc.h in Headers */,
				AD13ED581C5F39F700562146 /* DBObject.h in Headers */,
				AD13EDAE1C5F39F700562146 /* DBCCFactory.h in Headers */,
				AD13EDC41C5F39F700562146 /* TextureAtlasData.h in Headers */,
				AD13ED941C5F39F700562146 /* BaseDataParser.h in Headers */,
				AD13ED2E1C5F39F700562146 /* reader.h in Headers */,
				AD13ED2A1C5F39F700562146 /* prettywriter.h in Headers */,
				AD13ED081C5F39F700562146 /* filewritestream.h in Headers */,
				AD13ED061C5F39F700562146 /* filereadstream.h in Headers */,
				AD13EDA01C5F39F700562146 /* XMLDataParser.h in Headers */,
				AD13ED5E1C5F39F700562146 /* DragonBones.h in Headers */,
				AD13EDA81C5F39F700562146 /* DBCCArmatureNode.h in Headers */,
				AD13ED7E1C5F39F700562146 /* DisplayData.h in Headers */,
				ADADA1B81C62FEDD00B15A4F /* DBBone.h in Headers */,
				AD13ED741C5F39F700562146 /* Transform.h in Headers */,
				AD60698E1C9668FC00CCC818 /* DBAnimationState.h in Headers */,
				AD13ED0A1C5F39F700562146 /* biginteger.h in Headers */,
				AD13ED541C5F39F700562146 /* Bone.h in Headers */,
				AD13EDBA1C5F39F700562146 /* DBCCSlot.h in Headers */,
				AD13ED8C1C5F39F700562146 /* Timeline.h in Headers */,
				AD13ED361C5F39F700562146 /* dbtinyxml2.h in Headers */,
				AD13ED781C5F39F700562146 /* ArmatureData.h in Headers */,
				AD13ED321C5F39F700562146 /* writer.h in Headers */,
				AD13ED2C1C5F39F700562146 /* rapidjson.h in Headers */,
				AD13ED1E1C5F39F700562146 /* swap.h in Headers */,
				AD13ED7C1C5F39F700562146 /* CurveData.h in Headers */,
				AD13EDB61C5F39F700562146 /* DBCCRenderHeaders.h in Headers */,
				AD13ED0C1C5F39F700562146 /* diyfp.h in Headers */,
				AD13EDB21C5F39F700562146 /* DBCCLuaUtils.h in Headers */,
				AD13ED881C5F39F700562146 /* SlotFrame.h in Headers */,
				AD13ED501C5F39F700562146 /* Armature.h in Headers */,
				AD13ED101C5F39F700562146 /* ieee754.h in Headers */,
				AD13ED721C5F39F700562146 /* Rectangle.h in Headers */,
				AD13EDA41C5F39F700562146 /* DBCCArmature.h in Headers */,
				AD13ED021C5F39F700562146 /* en.h in Headers */,
				AD13ED8A1C5F39F700562146 /* SlotTimeline.h in Headers */,
				AD13ED641C5F39F700562146 /* EventData.h in Headers */,
				AD13ED181C5F39F700562146 /* stack.h in Headers */,
				AD13ED701C5F39F700562146 /* Point.h in Headers */,
			);
			runOnlyForDeploymentPostprocessing = 0;
		};
		AD525CAE1C076C0F000D5586 /* Headers */ = {
			isa = PBXHeadersBuildPhase;
			buildActionMask = 2147483647;
			files = (
				AD13EDC71C5F39F700562146 /* TextureData.h in Headers */,
				ADADA1A51C62E93C00B15A4F /* DBAnimation.h in Headers */,
				AD13ED7B1C5F39F700562146 /* BoneData.h in Headers */,
				AD13ED6D1C5F39F700562146 /* ColorTransform.h in Headers */,
				AD2290F51C63361E0017A24D /* DBSlot.h in Headers */,
				AD13ED831C5F39F700562146 /* Frame.h in Headers */,
				AD13EDB51C5F39F700562146 /* dbccMacro.h in Headers */,
				ADADA1A71C62E93C00B15A4F /* IAnimatable.h in Headers */,
				AD13EDC31C5F39F700562146 /* ITextureAtlas.h in Headers */,
				ADAF1F651C7F252200000F53 /* DBSkin.h in Headers */,
				AD13ED0F1C5F39F700562146 /* dtoa.h in Headers */,
				AD13EDC11C5F39F700562146 /* DBCCUtils.h in Headers */,
				AD13ED131C5F39F700562146 /* itoa.h in Headers */,
				ADADA1A11C62E93C00B15A4F /* AnimationState.h in Headers */,
				ADADA1B31C62E93C00B15A4F /* WorldClock.h in Headers */,
				ADADA19D1C62E93C00B15A4F /* Animation.h in Headers */,
				AD13ED851C5F39F700562146 /* SkinData.h in Headers */,
				AD13ECFB1C5F39F700562146 /* allocators.h in Headers */,
				AD13ED871C5F39F700562146 /* SlotData.h in Headers */,
				AD13EDE81C62019F00562146 /* DBArmature.h in Headers */,
				AD13EDBD1C5F39F700562146 /* DBCCTextureAtlas.h in Headers */,
				AD13ECF91C5F39F700562146 /* flatbuffers.h in Headers */,
				AD13ED171C5F39F700562146 /* pow10.h in Headers */,
				AD13ED1D1C5F39F700562146 /* strtod.h in Headers */,
				AD13ECFD1C5F39F700562146 /* document.h in Headers */,
				ADADA1AF1C62E93C00B15A4F /* TimelineState.h in Headers */,
				AD13ED8F1C5F39F700562146 /* TransformFrame.h in Headers */,
				AD13ED151C5F39F700562146 /* meta.h in Headers */,
				AD13ED9D1C5F39F700562146 /* JSONDataParser.h in Headers */,
				AD13EDAB1C5F39F700562146 /* DBCCEventDispatcher.h in Headers */,
				AD13ED5D1C5F39F700562146 /* Slot.h in Headers */,
				AD13ECFF1C5F39F700562146 /* encodedstream.h in Headers */,
				AD13ED051C5F39F700562146 /* error.h in Headers */,
				AD13ED211C5F39F700562146 /* memorybuffer.h in Headers */,
				AD13ED671C5F39F700562146 /* IEventDispatcher.h in Headers */,
				AD13ED991C5F39F700562146 /* ConstValues.h in Headers */,
				AD13ED771C5F39F700562146 /* AnimationData.h in Headers */,
				AD13ED6F1C5F39F700562146 /* Matrix.h in Headers */,
				AD0B5A061C7061BB007F2C1F /* DBBase.h in Headers */,
				AD13ED6B1C5F39F700562146 /* BaseFactory.h in Headers */,
				ADADA1AB1C62E93C00B15A4F /* SlotTimelineState.h in Headers */,
				AD13ED611C5F39F700562146 /* DragonBonesHeaders.h in Headers */,
				AD13ED911C5F39F700562146 /* TransformTimeline.h in Headers */,
				AD13ED231C5F39F700562146 /* memorystream.h in Headers */,
				AD13ED011C5F39F700562146 /* encodings.h in Headers */,
				AD13ED291C5F39F700562146 /* pointer.h in Headers */,
				AD13ED311C5F39F700562146 /* stringbuffer.h in Headers */,
				AD13ED811C5F39F700562146 /* DragonBonesData.h in Headers */,
				AD13ED1B1C5F39F700562146 /* strfunc.h in Headers */,
				AD13ED591C5F39F700562146 /* DBObject.h in Headers */,
				AD13EDAF1C5F39F700562146 /* DBCCFactory.h in Headers */,
				AD13EDC51C5F39F700562146 /* TextureAtlasData.h in Headers */,
				AD13ED951C5F39F700562146 /* BaseDataParser.h in Headers */,
				AD13ED2F1C5F39F700562146 /* reader.h in Headers */,
				AD13ED2B1C5F39F700562146 /* prettywriter.h in Headers */,
				AD13ED091C5F39F700562146 /* filewritestream.h in Headers */,
				AD13ED071C5F39F700562146 /* filereadstream.h in Headers */,
				AD13EDA11C5F39F700562146 /* XMLDataParser.h in Headers */,
				AD13ED5F1C5F39F700562146 /* DragonBones.h in Headers */,
				AD13EDA91C5F39F700562146 /* DBCCArmatureNode.h in Headers */,
				AD13ED7F1C5F39F700562146 /* DisplayData.h in Headers */,
				ADADA1B91C62FEDD00B15A4F /* DBBone.h in Headers */,
				AD13ED751C5F39F700562146 /* Transform.h in Headers */,
				AD60698F1C9668FC00CCC818 /* DBAnimationState.h in Headers */,
				AD13ED0B1C5F39F700562146 /* biginteger.h in Headers */,
				AD13ED551C5F39F700562146 /* Bone.h in Headers */,
				AD13EDBB1C5F39F700562146 /* DBCCSlot.h in Headers */,
				AD13ED8D1C5F39F700562146 /* Timeline.h in Headers */,
				AD13ED371C5F39F700562146 /* dbtinyxml2.h in Headers */,
				AD13ED791C5F39F700562146 /* ArmatureData.h in Headers */,
				AD13ED331C5F39F700562146 /* writer.h in Headers */,
				AD13ED2D1C5F39F700562146 /* rapidjson.h in Headers */,
				AD13ED1F1C5F39F700562146 /* swap.h in Headers */,
				AD13ED7D1C5F39F700562146 /* CurveData.h in Headers */,
				AD13EDB71C5F39F700562146 /* DBCCRenderHeaders.h in Headers */,
				AD13ED0D1C5F39F700562146 /* diyfp.h in Headers */,
				AD13EDB31C5F39F700562146 /* DBCCLuaUtils.h in Headers */,
				AD13ED891C5F39F700562146 /* SlotFrame.h in Headers */,
				AD13ED511C5F39F700562146 /* Armature.h in Headers */,
				AD13ED111C5F39F700562146 /* ieee754.h in Headers */,
				AD13ED731C5F39F700562146 /* Rectangle.h in Headers */,
				AD13EDA51C5F39F700562146 /* DBCCArmature.h in Headers */,
				AD13ED031C5F39F700562146 /* en.h in Headers */,
				AD13ED8B1C5F39F700562146 /* SlotTimeline.h in Headers */,
				AD13ED651C5F39F700562146 /* EventData.h in Headers */,
				AD13ED191C5F39F700562146 /* stack.h in Headers */,
				AD13ED711C5F39F700562146 /* Point.h in Headers */,
			);
			runOnlyForDeploymentPostprocessing = 0;
		};
/* End PBXHeadersBuildPhase section */

/* Begin PBXNativeTarget section */
		AD525BA91C0768DB000D5586 /* dragonbones mac */ = {
			isa = PBXNativeTarget;
			buildConfigurationList = AD525BB21C0768DB000D5586 /* Build configuration list for PBXNativeTarget "dragonbones mac" */;
			buildPhases = (
				AD525BA61C0768DB000D5586 /* Sources */,
				AD525BA71C0768DB000D5586 /* Frameworks */,
				AD525BA81C0768DB000D5586 /* Headers */,
			);
			buildRules = (
			);
			dependencies = (
			);
			name = "dragonbones mac";
			productName = Dragonbones_mac;
			productReference = AD525BAA1C0768DB000D5586 /* libdragonbones mac.a */;
			productType = "com.apple.product-type.library.static";
		};
		AD525BB81C076906000D5586 /* dragonbones ios */ = {
			isa = PBXNativeTarget;
			buildConfigurationList = AD525BBF1C076906000D5586 /* Build configuration list for PBXNativeTarget "dragonbones ios" */;
			buildPhases = (
				AD525BB51C076906000D5586 /* Sources */,
				AD525BB61C076906000D5586 /* Frameworks */,
				AD525BB71C076906000D5586 /* CopyFiles */,
				AD525CAE1C076C0F000D5586 /* Headers */,
			);
			buildRules = (
			);
			dependencies = (
			);
			name = "dragonbones ios";
			productName = Dragonbones_ios;
			productReference = AD525BB91C076906000D5586 /* libdragonbones ios.a */;
			productType = "com.apple.product-type.library.static";
		};
/* End PBXNativeTarget section */

/* Begin PBXProject section */
		AD525AF21C075AB9000D5586 /* Project object */ = {
			isa = PBXProject;
			attributes = {
				LastUpgradeCheck = 0710;
				ORGANIZATIONNAME = Relvin;
				TargetAttributes = {
					AD525BA91C0768DB000D5586 = {
						CreatedOnToolsVersion = 7.1.1;
					};
					AD525BB81C076906000D5586 = {
						CreatedOnToolsVersion = 7.1.1;
					};
				};
			};
			buildConfigurationList = AD525AF51C075AB9000D5586 /* Build configuration list for PBXProject "dragonbones" */;
			compatibilityVersion = "Xcode 3.2";
			developmentRegion = English;
			hasScannedForEncodings = 0;
			knownRegions = (
				en,
			);
			mainGroup = AD525AF11C075AB9000D5586;
			productRefGroup = AD525AFB1C075AB9000D5586 /* Products */;
			projectDirPath = "";
			projectRoot = "";
			targets = (
				AD525BA91C0768DB000D5586 /* dragonbones mac */,
				AD525BB81C076906000D5586 /* dragonbones ios */,
			);
		};
/* End PBXProject section */

/* Begin PBXSourcesBuildPhase section */
		AD525BA61C0768DB000D5586 /* Sources */ = {
			isa = PBXSourcesBuildPhase;
			buildActionMask = 2147483647;
			files = (
				ADADA1A81C62E93C00B15A4F /* SlotTimelineState.cpp in Sources */,
				AD13ED4E1C5F39F700562146 /* Armature.cpp in Sources */,
				AD13ED561C5F39F700562146 /* DBObject.cpp in Sources */,
				ADADA1B01C62E93C00B15A4F /* WorldClock.cpp in Sources */,
				AD13ED9A1C5F39F700562146 /* JSONDataParser.cpp in Sources */,
				AD13EDB01C5F39F700562146 /* DBCCLuaUtils.cpp in Sources */,
				ADADA19E1C62E93C00B15A4F /* AnimationState.cpp in Sources */,
				ADADA1B61C62FEDD00B15A4F /* DBBone.cpp in Sources */,
				AD13EDBE1C5F39F700562146 /* DBCCUtils.cpp in Sources */,
				AD13ED681C5F39F700562146 /* BaseFactory.cpp in Sources */,
				ADADA1AC1C62E93C00B15A4F /* TimelineState.cpp in Sources */,
				AD13ED961C5F39F700562146 /* ConstValues.cpp in Sources */,
				AD13EDA61C5F39F700562146 /* DBCCArmatureNode.cpp in Sources */,
				AD13ED521C5F39F700562146 /* Bone.cpp in Sources */,
				AD13EDE51C62019F00562146 /* DBArmature.cpp in Sources */,
				AD2290F21C63361E0017A24D /* DBSlot.cpp in Sources */,
				AD13ED9E1C5F39F700562146 /* XMLDataParser.cpp in Sources */,
				ADADA1A21C62E93C00B15A4F /* DBAnimation.cpp in Sources */,
				ADAF1F621C7F252200000F53 /* DBSkin.cpp in Sources */,
				AD13EDB81C5F39F700562146 /* DBCCSlot.cpp in Sources */,
				AD13EDA21C5F39F700562146 /* DBCCArmature.cpp in Sources */,
				AD13EDAC1C5F39F700562146 /* DBCCFactory.cpp in Sources */,
				AD13ED341C5F39F700562146 /* dbtinyxml2.cpp in Sources */,
				ADADA19A1C62E93C00B15A4F /* Animation.cpp in Sources */,
				AD0B5A031C7061BB007F2C1F /* DBBase.cpp in Sources */,
				AD13ED5A1C5F39F700562146 /* Slot.cpp in Sources */,
				AD13ED621C5F39F700562146 /* EventData.cpp in Sources */,
				AD13ED921C5F39F700562146 /* BaseDataParser.cpp in Sources */,
				AD60698C1C9668FC00CCC818 /* DBAnimationState.cpp in Sources */,
			);
			runOnlyForDeploymentPostprocessing = 0;
		};
		AD525BB51C076906000D5586 /* Sources */ = {
			isa = PBXSourcesBuildPhase;
			buildActionMask = 2147483647;
			files = (
				ADADA1A91C62E93C00B15A4F /* SlotTimelineState.cpp in Sources */,
				AD13ED4F1C5F39F700562146 /* Armature.cpp in Sources */,
				AD13ED571C5F39F700562146 /* DBObject.cpp in Sources */,
				ADADA1B11C62E93C00B15A4F /* WorldClock.cpp in Sources */,
				AD13ED9B1C5F39F700562146 /* JSONDataParser.cpp in Sources */,
				AD13EDB11C5F39F700562146 /* DBCCLuaUtils.cpp in Sources */,
				ADADA19F1C62E93C00B15A4F /* AnimationState.cpp in Sources */,
				ADADA1B71C62FEDD00B15A4F /* DBBone.cpp in Sources */,
				AD13EDBF1C5F39F700562146 /* DBCCUtils.cpp in Sources */,
				AD13ED691C5F39F700562146 /* BaseFactory.cpp in Sources */,
				ADADA1AD1C62E93C00B15A4F /* TimelineState.cpp in Sources */,
				AD13ED971C5F39F700562146 /* ConstValues.cpp in Sources */,
				AD13EDA71C5F39F700562146 /* DBCCArmatureNode.cpp in Sources */,
				AD13ED531C5F39F700562146 /* Bone.cpp in Sources */,
				AD13EDE61C62019F00562146 /* DBArmature.cpp in Sources */,
				AD2290F31C63361E0017A24D /* DBSlot.cpp in Sources */,
				AD13ED9F1C5F39F700562146 /* XMLDataParser.cpp in Sources */,
				ADADA1A31C62E93C00B15A4F /* DBAnimation.cpp in Sources */,
				ADAF1F631C7F252200000F53 /* DBSkin.cpp in Sources */,
				AD13EDB91C5F39F700562146 /* DBCCSlot.cpp in Sources */,
				AD13EDA31C5F39F700562146 /* DBCCArmature.cpp in Sources */,
				AD13EDAD1C5F39F700562146 /* DBCCFactory.cpp in Sources */,
				AD13ED351C5F39F700562146 /* dbtinyxml2.cpp in Sources */,
				ADADA19B1C62E93C00B15A4F /* Animation.cpp in Sources */,
				AD0B5A041C7061BB007F2C1F /* DBBase.cpp in Sources */,
				AD13ED5B1C5F39F700562146 /* Slot.cpp in Sources */,
				AD13ED631C5F39F700562146 /* EventData.cpp in Sources */,
				AD13ED931C5F39F700562146 /* BaseDataParser.cpp in Sources */,
				AD60698D1C9668FC00CCC818 /* DBAnimationState.cpp in Sources */,
			);
			runOnlyForDeploymentPostprocessing = 0;
		};
/* End PBXSourcesBuildPhase section */

/* Begin XCBuildConfiguration section */
		AD525B011C075AB9000D5586 /* Debug */ = {
			isa = XCBuildConfiguration;
			buildSettings = {
				ALWAYS_SEARCH_USER_PATHS = NO;
				CLANG_CXX_LANGUAGE_STANDARD = "gnu++0x";
				CLANG_CXX_LIBRARY = "libc++";
				CLANG_ENABLE_MODULES = YES;
				CLANG_ENABLE_OBJC_ARC = YES;
				CLANG_WARN_BOOL_CONVERSION = YES;
				CLANG_WARN_CONSTANT_CONVERSION = YES;
				CLANG_WARN_DIRECT_OBJC_ISA_USAGE = YES_ERROR;
				CLANG_WARN_EMPTY_BODY = YES;
				CLANG_WARN_ENUM_CONVERSION = YES;
				CLANG_WARN_INT_CONVERSION = YES;
				CLANG_WARN_OBJC_ROOT_CLASS = YES_ERROR;
				CLANG_WARN_UNREACHABLE_CODE = YES;
				CLANG_WARN__DUPLICATE_METHOD_MATCH = YES;
				"CODE_SIGN_IDENTITY[sdk=iphoneos*]" = "iPhone Developer";
				COPY_PHASE_STRIP = NO;
				DEBUG_INFORMATION_FORMAT = dwarf;
				ENABLE_STRICT_OBJC_MSGSEND = YES;
				ENABLE_TESTABILITY = YES;
				GCC_C_LANGUAGE_STANDARD = gnu99;
				GCC_DYNAMIC_NO_PIC = NO;
				GCC_NO_COMMON_BLOCKS = YES;
				GCC_OPTIMIZATION_LEVEL = 0;
				GCC_PREPROCESSOR_DEFINITIONS = (
					"DEBUG=1",
					"$(inherited)",
				);
				GCC_WARN_64_TO_32_BIT_CONVERSION = YES;
				GCC_WARN_ABOUT_RETURN_TYPE = YES_ERROR;
				GCC_WARN_UNDECLARED_SELECTOR = YES;
				GCC_WARN_UNINITIALIZED_AUTOS = YES_AGGRESSIVE;
				GCC_WARN_UNUSED_FUNCTION = YES;
				GCC_WARN_UNUSED_VARIABLE = YES;
				MACOSX_DEPLOYMENT_TARGET = 10.9;
				MTL_ENABLE_DEBUG_INFO = YES;
				ONLY_ACTIVE_ARCH = YES;
				SDKROOT = iphoneos;
				USER_HEADER_SEARCH_PATHS = "$(SRCROOT)/ $(SRCROOT)/dragonbones $(SRCROOT)/../cocos2d-x/cocos $(SRCROOT)/../cocos2d-x/external";
			};
			name = Debug;
		};
		AD525B021C075AB9000D5586 /* Release */ = {
			isa = XCBuildConfiguration;
			buildSettings = {
				ALWAYS_SEARCH_USER_PATHS = NO;
				CLANG_CXX_LANGUAGE_STANDARD = "gnu++0x";
				CLANG_CXX_LIBRARY = "libc++";
				CLANG_ENABLE_MODULES = YES;
				CLANG_ENABLE_OBJC_ARC = YES;
				CLANG_WARN_BOOL_CONVERSION = YES;
				CLANG_WARN_CONSTANT_CONVERSION = YES;
				CLANG_WARN_DIRECT_OBJC_ISA_USAGE = YES_ERROR;
				CLANG_WARN_EMPTY_BODY = YES;
				CLANG_WARN_ENUM_CONVERSION = YES;
				CLANG_WARN_INT_CONVERSION = YES;
				CLANG_WARN_OBJC_ROOT_CLASS = YES_ERROR;
				CLANG_WARN_UNREACHABLE_CODE = YES;
				CLANG_WARN__DUPLICATE_METHOD_MATCH = YES;
				"CODE_SIGN_IDENTITY[sdk=iphoneos*]" = "iPhone Developer";
				COPY_PHASE_STRIP = NO;
				DEBUG_INFORMATION_FORMAT = "dwarf-with-dsym";
				ENABLE_NS_ASSERTIONS = NO;
				ENABLE_STRICT_OBJC_MSGSEND = YES;
				GCC_C_LANGUAGE_STANDARD = gnu99;
				GCC_NO_COMMON_BLOCKS = YES;
				GCC_WARN_64_TO_32_BIT_CONVERSION = YES;
				GCC_WARN_ABOUT_RETURN_TYPE = YES_ERROR;
				GCC_WARN_UNDECLARED_SELECTOR = YES;
				GCC_WARN_UNINITIALIZED_AUTOS = YES_AGGRESSIVE;
				GCC_WARN_UNUSED_FUNCTION = YES;
				GCC_WARN_UNUSED_VARIABLE = YES;
				MACOSX_DEPLOYMENT_TARGET = 10.9;
				MTL_ENABLE_DEBUG_INFO = NO;
				SDKROOT = iphoneos;
				USER_HEADER_SEARCH_PATHS = "$(SRCROOT)/ $(SRCROOT)/dragonbones $(SRCROOT)/../cocos2d-x/cocos $(SRCROOT)/../cocos2d-x/external";
				VALIDATE_PRODUCT = YES;
			};
			name = Release;
		};
		AD525BB31C0768DB000D5586 /* Debug */ = {
			isa = XCBuildConfiguration;
			buildSettings = {
				CODE_SIGN_IDENTITY = "-";
				EXECUTABLE_PREFIX = lib;
				GCC_ENABLE_CPP_EXCEPTIONS = YES;
				GCC_ENABLE_CPP_RTTI = YES;
				HEADER_SEARCH_PATHS = /usr/local/include;
				LIBRARY_SEARCH_PATHS = (
					"$(inherited)",
					/usr/local/Cellar/boost/1.58.0/lib,
				);
				MACOSX_DEPLOYMENT_TARGET = 10.11;
				PRODUCT_NAME = "$(TARGET_NAME)";
				SDKROOT = macosx;
				USER_HEADER_SEARCH_PATHS = "$(inherited) $(SRCROOT)/../cocos2d-x/external/glfw3/include/mac";
			};
			name = Debug;
		};
		AD525BB41C0768DB000D5586 /* Release */ = {
			isa = XCBuildConfiguration;
			buildSettings = {
				CODE_SIGN_IDENTITY = "-";
				EXECUTABLE_PREFIX = lib;
				GCC_ENABLE_CPP_EXCEPTIONS = YES;
				GCC_ENABLE_CPP_RTTI = YES;
				HEADER_SEARCH_PATHS = /usr/local/include;
				LIBRARY_SEARCH_PATHS = (
					"$(inherited)",
					/usr/local/Cellar/boost/1.58.0/lib,
				);
				MACOSX_DEPLOYMENT_TARGET = 10.11;
				PRODUCT_NAME = "$(TARGET_NAME)";
				SDKROOT = macosx;
				USER_HEADER_SEARCH_PATHS = "$(inherited) $(SRCROOT)/../cocos2d-x/external/glfw3/include/mac";
			};
			name = Release;
		};
		AD525BC01C076906000D5586 /* Debug */ = {
			isa = XCBuildConfiguration;
			buildSettings = {
				GCC_PREPROCESSOR_DEFINITIONS = (
					"DEBUG=1",
					"$(inherited)",
					CC_TARGET_OS_IPHONE,
				);
				OTHER_LDFLAGS = "";
				PRODUCT_NAME = "$(TARGET_NAME)";
				SKIP_INSTALL = YES;
				USER_HEADER_SEARCH_PATHS = "$(inherited)";
			};
			name = Debug;
		};
		AD525BC11C076906000D5586 /* Release */ = {
			isa = XCBuildConfiguration;
			buildSettings = {
				GCC_PREPROCESSOR_DEFINITIONS = CC_TARGET_OS_IPHONE;
				OTHER_LDFLAGS = "";
				PRODUCT_NAME = "$(TARGET_NAME)";
				SKIP_INSTALL = YES;
				USER_HEADER_SEARCH_PATHS = "$(inherited)";
			};
			name = Release;
		};
/* End XCBuildConfiguration section */

/* Begin XCConfigurationList section */
		AD525AF51C075AB9000D5586 /* Build configuration list for PBXProject "dragonbones" */ = {
			isa = XCConfigurationList;
			buildConfigurations = (
				AD525B011C075AB9000D5586 /* Debug */,
				AD525B021C075AB9000D5586 /* Release */,
			);
			defaultConfigurationIsVisible = 0;
			defaultConfigurationName = Release;
		};
		AD525BB21C0768DB000D5586 /* Build configuration list for PBXNativeTarget "dragonbones mac" */ = {
			isa = XCConfigurationList;
			buildConfigurations = (
				AD525BB31C0768DB000D5586 /* Debug */,
				AD525BB41C0768DB000D5586 /* Release */,
			);
			defaultConfigurationIsVisible = 0;
			defaultConfigurationName = Release;
		};
		AD525BBF1C076906000D5586 /* Build configuration list for PBXNativeTarget "dragonbones ios" */ = {
			isa = XCConfigurationList;
			buildConfigurations = (
				AD525BC01C076906000D5586 /* Debug */,
				AD525BC11C076906000D5586 /* Release */,
			);
			defaultConfigurationIsVisible = 0;
			defaultConfigurationName = Release;
		};
/* End XCConfigurationList section */
	};
	rootObject = AD525AF21C075AB9000D5586 /* Project object */;
}
